
Microsoft Visual Studio Solution File, Format Version 12.00
# Visual Studio 15
VisualStudioVersion = 15.0.27428.2037
MinimumVisualStudioVersion = 10.0.40219.1
Project("{2150E333-8FDC-42A3-9474-1A3956D46DE8}") = "01 - 系统初始化工具", "01 - 系统初始化工具", "{E738CC7C-C2A8-4038-ABD2-CD6205A1989B}"
EndProject
Project("{2150E333-8FDC-42A3-9474-1A3956D46DE8}") = "04 - 授权工具", "04 - 授权工具", "{B1F655D7-0873-4D79-A8AE-942A6A464EA6}"
EndProject
Project("{2150E333-8FDC-42A3-9474-1A3956D46DE8}") = "05 - WCF身份认证工具", "05 - WCF身份认证工具", "{4391B3BF-4B53-474A-8636-14BFA15DDB7B}"
EndProject
Project("{FAE04EC0-301F-11D3-BF4B-00C04F79EFBC}") = "SD.IdentitySystem.InitializationTool", "tools\SD.IdentitySystem.InitializationTool\SD.IdentitySystem.InitializationTool.csproj", "{43F6A512-7219-480C-AFF6-CCEBDA75F4AE}"
EndProject
Project("{FAE04EC0-301F-11D3-BF4B-00C04F79EFBC}") = "SD.IdentitySystem.WCFAuthentication.MVC", "tools\SD.IdentitySystem.WCFAuthentication.MVC\SD.IdentitySystem.WCFAuthentication.MVC.csproj", "{FA4CA095-26A0-4E6F-B297-D98115A577D7}"
EndProject
Project("{FAE04EC0-301F-11D3-BF4B-00C04F79EFBC}") = "SD.IdentitySystem.WCFAuthentication.Windows", "tools\SD.IdentitySystem.WCFAuthentication.Windows\SD.IdentitySystem.WCFAuthentication.Windows.csproj", "{FE93AC6F-B38F-412F-A2B1-2FBE2800C647}"
EndProject
Project("{FAE04EC0-301F-11D3-BF4B-00C04F79EFBC}") = "SD.IdentitySystem.WCFAuthentication.WCF", "tools\SD.IdentitySystem.WCFAuthentication.WCF\SD.IdentitySystem.WCFAuthentication.WCF.csproj", "{55E99FFF-1BCC-423F-B945-931A4F2BF2D3}"
EndProject
Project("{FAE04EC0-301F-11D3-BF4B-00C04F79EFBC}") = "SD.IdentitySystem.Authorization", "tools\SD.IdentitySystem.Authorization\SD.IdentitySystem.Authorization.csproj", "{18524D7D-9812-4EFC-9902-7123E3A167BB}"
EndProject
Project("{FAE04EC0-301F-11D3-BF4B-00C04F79EFBC}") = "SD.IdentitySystem.Membership", "tools\SD.IdentitySystem.Membership\SD.IdentitySystem.Membership.csproj", "{B8C46017-C7C3-47FB-854B-11967165C080}"
EndProject
Project("{2150E333-8FDC-42A3-9474-1A3956D46DE8}") = "03 - 用户工具", "03 - 用户工具", "{623424A5-633C-42E2-BD48-8C2F375417E1}"
EndProject
Project("{FAE04EC0-301F-11D3-BF4B-00C04F79EFBC}") = "SD.IdentitySystem.MachineCodeTool", "tools\SD.IdentitySystem.MachineCodeTool\SD.IdentitySystem.MachineCodeTool.csproj", "{1ADB97CB-60D3-4D0F-99CA-744EB0726868}"
EndProject
Project("{FAE04EC0-301F-11D3-BF4B-00C04F79EFBC}") = "SD.IdentitySystem.LicenseWriter", "tools\SD.IdentitySystem.LicenseWriter\SD.IdentitySystem.LicenseWriter.csproj", "{8B2C63C4-2F19-47A9-B45E-DABD4E379624}"
EndProject
Project("{FAE04EC0-301F-11D3-BF4B-00C04F79EFBC}") = "SD.IdentitySystem.LicenseReader", "tools\SD.IdentitySystem.LicenseReader\SD.IdentitySystem.LicenseReader.csproj", "{9B041114-0488-4FDA-8CE3-6581A7C1DA03}"
EndProject
Project("{2150E333-8FDC-42A3-9474-1A3956D46DE8}") = "02 - 许可证工具", "02 - 许可证工具", "{CE4C0E05-3D3D-4213-BFF8-9F1075B3BFFB}"
EndProject
Project("{FAE04EC0-301F-11D3-BF4B-00C04F79EFBC}") = "SD.IdentitySystem.LicenseReader.NET45", "tools\SD.IdentitySystem.LicenseReader.NET45\SD.IdentitySystem.LicenseReader.NET45.csproj", "{5063A0E0-0537-4FA2-B73E-6722E5CAF630}"
EndProject
Global
	GlobalSection(SolutionConfigurationPlatforms) = preSolution
		Debug|Any CPU = Debug|Any CPU
		Release|Any CPU = Release|Any CPU
	EndGlobalSection
	GlobalSection(ProjectConfigurationPlatforms) = postSolution
		{43F6A512-7219-480C-AFF6-CCEBDA75F4AE}.Debug|Any CPU.ActiveCfg = Debug|Any CPU
		{43F6A512-7219-480C-AFF6-CCEBDA75F4AE}.Debug|Any CPU.Build.0 = Debug|Any CPU
		{43F6A512-7219-480C-AFF6-CCEBDA75F4AE}.Release|Any CPU.ActiveCfg = Release|Any CPU
		{43F6A512-7219-480C-AFF6-CCEBDA75F4AE}.Release|Any CPU.Build.0 = Release|Any CPU
		{FA4CA095-26A0-4E6F-B297-D98115A577D7}.Debug|Any CPU.ActiveCfg = Debug|Any CPU
		{FA4CA095-26A0-4E6F-B297-D98115A577D7}.Debug|Any CPU.Build.0 = Debug|Any CPU
		{FA4CA095-26A0-4E6F-B297-D98115A577D7}.Release|Any CPU.ActiveCfg = Release|Any CPU
		{FA4CA095-26A0-4E6F-B297-D98115A577D7}.Release|Any CPU.Build.0 = Release|Any CPU
		{FE93AC6F-B38F-412F-A2B1-2FBE2800C647}.Debug|Any CPU.ActiveCfg = Debug|Any CPU
		{FE93AC6F-B38F-412F-A2B1-2FBE2800C647}.Debug|Any CPU.Build.0 = Debug|Any CPU
		{FE93AC6F-B38F-412F-A2B1-2FBE2800C647}.Release|Any CPU.ActiveCfg = Release|Any CPU
		{FE93AC6F-B38F-412F-A2B1-2FBE2800C647}.Release|Any CPU.Build.0 = Release|Any CPU
		{55E99FFF-1BCC-423F-B945-931A4F2BF2D3}.Debug|Any CPU.ActiveCfg = Debug|Any CPU
		{55E99FFF-1BCC-423F-B945-931A4F2BF2D3}.Debug|Any CPU.Build.0 = Debug|Any CPU
		{55E99FFF-1BCC-423F-B945-931A4F2BF2D3}.Release|Any CPU.ActiveCfg = Release|Any CPU
		{55E99FFF-1BCC-423F-B945-931A4F2BF2D3}.Release|Any CPU.Build.0 = Release|Any CPU
		{18524D7D-9812-4EFC-9902-7123E3A167BB}.Debug|Any CPU.ActiveCfg = Debug|Any CPU
		{18524D7D-9812-4EFC-9902-7123E3A167BB}.Debug|Any CPU.Build.0 = Debug|Any CPU
		{18524D7D-9812-4EFC-9902-7123E3A167BB}.Release|Any CPU.ActiveCfg = Release|Any CPU
		{18524D7D-9812-4EFC-9902-7123E3A167BB}.Release|Any CPU.Build.0 = Release|Any CPU
		{B8C46017-C7C3-47FB-854B-11967165C080}.Debug|Any CPU.ActiveCfg = Debug|Any CPU
		{B8C46017-C7C3-47FB-854B-11967165C080}.Debug|Any CPU.Build.0 = Debug|Any CPU
		{B8C46017-C7C3-47FB-854B-11967165C080}.Release|Any CPU.ActiveCfg = Release|Any CPU
		{B8C46017-C7C3-47FB-854B-11967165C080}.Release|Any CPU.Build.0 = Release|Any CPU
		{1ADB97CB-60D3-4D0F-99CA-744EB0726868}.Debug|Any CPU.ActiveCfg = Debug|Any CPU
		{1ADB97CB-60D3-4D0F-99CA-744EB0726868}.Debug|Any CPU.Build.0 = Debug|Any CPU
		{1ADB97CB-60D3-4D0F-99CA-744EB0726868}.Release|Any CPU.ActiveCfg = Release|Any CPU
		{1ADB97CB-60D3-4D0F-99CA-744EB0726868}.Release|Any CPU.Build.0 = Release|Any CPU
		{8B2C63C4-2F19-47A9-B45E-DABD4E379624}.Debug|Any CPU.ActiveCfg = Debug|Any CPU
		{8B2C63C4-2F19-47A9-B45E-DABD4E379624}.Debug|Any CPU.Build.0 = Debug|Any CPU
		{8B2C63C4-2F19-47A9-B45E-DABD4E379624}.Release|Any CPU.ActiveCfg = Release|Any CPU
		{8B2C63C4-2F19-47A9-B45E-DABD4E379624}.Release|Any CPU.Build.0 = Release|Any CPU
		{9B041114-0488-4FDA-8CE3-6581A7C1DA03}.Debug|Any CPU.ActiveCfg = Debug|Any CPU
		{9B041114-0488-4FDA-8CE3-6581A7C1DA03}.Debug|Any CPU.Build.0 = Debug|Any CPU
		{9B041114-0488-4FDA-8CE3-6581A7C1DA03}.Release|Any CPU.ActiveCfg = Release|Any CPU
		{9B041114-0488-4FDA-8CE3-6581A7C1DA03}.Release|Any CPU.Build.0 = Release|Any CPU
		{5063A0E0-0537-4FA2-B73E-6722E5CAF630}.Debug|Any CPU.ActiveCfg = Debug|Any CPU
		{5063A0E0-0537-4FA2-B73E-6722E5CAF630}.Debug|Any CPU.Build.0 = Debug|Any CPU
		{5063A0E0-0537-4FA2-B73E-6722E5CAF630}.Release|Any CPU.ActiveCfg = Release|Any CPU
		{5063A0E0-0537-4FA2-B73E-6722E5CAF630}.Release|Any CPU.Build.0 = Release|Any CPU
	EndGlobalSection
	GlobalSection(SolutionProperties) = preSolution
		HideSolutionNode = FALSE
	EndGlobalSection
	GlobalSection(NestedProjects) = preSolution
		{43F6A512-7219-480C-AFF6-CCEBDA75F4AE} = {E738CC7C-C2A8-4038-ABD2-CD6205A1989B}
		{FA4CA095-26A0-4E6F-B297-D98115A577D7} = {4391B3BF-4B53-474A-8636-14BFA15DDB7B}
		{FE93AC6F-B38F-412F-A2B1-2FBE2800C647} = {4391B3BF-4B53-474A-8636-14BFA15DDB7B}
		{55E99FFF-1BCC-423F-B945-931A4F2BF2D3} = {4391B3BF-4B53-474A-8636-14BFA15DDB7B}
		{18524D7D-9812-4EFC-9902-7123E3A167BB} = {B1F655D7-0873-4D79-A8AE-942A6A464EA6}
		{B8C46017-C7C3-47FB-854B-11967165C080} = {623424A5-633C-42E2-BD48-8C2F375417E1}
		{1ADB97CB-60D3-4D0F-99CA-744EB0726868} = {CE4C0E05-3D3D-4213-BFF8-9F1075B3BFFB}
		{8B2C63C4-2F19-47A9-B45E-DABD4E379624} = {CE4C0E05-3D3D-4213-BFF8-9F1075B3BFFB}
		{9B041114-0488-4FDA-8CE3-6581A7C1DA03} = {CE4C0E05-3D3D-4213-BFF8-9F1075B3BFFB}
		{5063A0E0-0537-4FA2-B73E-6722E5CAF630} = {CE4C0E05-3D3D-4213-BFF8-9F1075B3BFFB}
	EndGlobalSection
	GlobalSection(ExtensibilityGlobals) = postSolution
		SolutionGuid = {68A6A707-43D9-49D2-A1D9-140E19A613F2}
	EndGlobalSection
EndGlobal
