
Microsoft Visual Studio Solution File, Format Version 12.00
# Visual Studio Version 16
VisualStudioVersion = 16.0.30907.101
MinimumVisualStudioVersion = 10.0.40219.1
Project("{2150E333-8FDC-42A3-9474-1A3956D46DE8}") = "01 - 系统初始化工具", "01 - 系统初始化工具", "{E738CC7C-C2A8-4038-ABD2-CD6205A1989B}"
EndProject
Project("{FAE04EC0-301F-11D3-BF4B-00C04F79EFBC}") = "SD.IdentitySystem.InitializationTool", "Tools\SD.IdentitySystem.InitializationTool\SD.IdentitySystem.InitializationTool.csproj", "{43F6A512-7219-480C-AFF6-CCEBDA75F4AE}"
EndProject
Project("{FAE04EC0-301F-11D3-BF4B-00C04F79EFBC}") = "SD.IdentitySystem.UniqueCode", "Tools\SD.IdentitySystem.UniqueCode\SD.IdentitySystem.UniqueCode.csproj", "{1ADB97CB-60D3-4D0F-99CA-744EB0726868}"
EndProject
Project("{FAE04EC0-301F-11D3-BF4B-00C04F79EFBC}") = "SD.IdentitySystem.LicenseWriter", "Tools\SD.IdentitySystem.LicenseWriter\SD.IdentitySystem.LicenseWriter.csproj", "{8B2C63C4-2F19-47A9-B45E-DABD4E379624}"
EndProject
Project("{2150E333-8FDC-42A3-9474-1A3956D46DE8}") = "02 - 许可证工具", "02 - 许可证工具", "{CE4C0E05-3D3D-4213-BFF8-9F1075B3BFFB}"
EndProject
Project("{FAE04EC0-301F-11D3-BF4B-00C04F79EFBC}") = "SD.IdentitySystem.LicenseManager", "Tools\SD.IdentitySystem.LicenseManager\SD.IdentitySystem.LicenseManager.csproj", "{9DB7A34C-CA30-4EC9-91D5-C6E46078E6F1}"
EndProject
Project("{FAE04EC0-301F-11D3-BF4B-00C04F79EFBC}") = "SD.IdentitySystem.LicenseManager.Standard20", "Tools\SD.IdentitySystem.LicenseManager.Standard20\SD.IdentitySystem.LicenseManager.Standard20.csproj", "{39285437-4F60-4C9E-B44D-A760DE837CFF}"
EndProject
Global
	GlobalSection(SolutionConfigurationPlatforms) = preSolution
		Debug|Any CPU = Debug|Any CPU
		Release|Any CPU = Release|Any CPU
	EndGlobalSection
	GlobalSection(ProjectConfigurationPlatforms) = postSolution
		{43F6A512-7219-480C-AFF6-CCEBDA75F4AE}.Debug|Any CPU.ActiveCfg = Debug|Any CPU
		{43F6A512-7219-480C-AFF6-CCEBDA75F4AE}.Debug|Any CPU.Build.0 = Debug|Any CPU
		{43F6A512-7219-480C-AFF6-CCEBDA75F4AE}.Release|Any CPU.ActiveCfg = Release|Any CPU
		{43F6A512-7219-480C-AFF6-CCEBDA75F4AE}.Release|Any CPU.Build.0 = Release|Any CPU
		{1ADB97CB-60D3-4D0F-99CA-744EB0726868}.Debug|Any CPU.ActiveCfg = Debug|Any CPU
		{1ADB97CB-60D3-4D0F-99CA-744EB0726868}.Debug|Any CPU.Build.0 = Debug|Any CPU
		{1ADB97CB-60D3-4D0F-99CA-744EB0726868}.Release|Any CPU.ActiveCfg = Release|Any CPU
		{1ADB97CB-60D3-4D0F-99CA-744EB0726868}.Release|Any CPU.Build.0 = Release|Any CPU
		{8B2C63C4-2F19-47A9-B45E-DABD4E379624}.Debug|Any CPU.ActiveCfg = Debug|Any CPU
		{8B2C63C4-2F19-47A9-B45E-DABD4E379624}.Debug|Any CPU.Build.0 = Debug|Any CPU
		{8B2C63C4-2F19-47A9-B45E-DABD4E379624}.Release|Any CPU.ActiveCfg = Release|Any CPU
		{8B2C63C4-2F19-47A9-B45E-DABD4E379624}.Release|Any CPU.Build.0 = Release|Any CPU
		{9DB7A34C-CA30-4EC9-91D5-C6E46078E6F1}.Debug|Any CPU.ActiveCfg = Debug|Any CPU
		{9DB7A34C-CA30-4EC9-91D5-C6E46078E6F1}.Debug|Any CPU.Build.0 = Debug|Any CPU
		{9DB7A34C-CA30-4EC9-91D5-C6E46078E6F1}.Release|Any CPU.ActiveCfg = Release|Any CPU
		{9DB7A34C-CA30-4EC9-91D5-C6E46078E6F1}.Release|Any CPU.Build.0 = Release|Any CPU
		{39285437-4F60-4C9E-B44D-A760DE837CFF}.Debug|Any CPU.ActiveCfg = Debug|Any CPU
		{39285437-4F60-4C9E-B44D-A760DE837CFF}.Debug|Any CPU.Build.0 = Debug|Any CPU
		{39285437-4F60-4C9E-B44D-A760DE837CFF}.Release|Any CPU.ActiveCfg = Release|Any CPU
		{39285437-4F60-4C9E-B44D-A760DE837CFF}.Release|Any CPU.Build.0 = Release|Any CPU
	EndGlobalSection
	GlobalSection(SolutionProperties) = preSolution
		HideSolutionNode = FALSE
	EndGlobalSection
	GlobalSection(NestedProjects) = preSolution
		{43F6A512-7219-480C-AFF6-CCEBDA75F4AE} = {E738CC7C-C2A8-4038-ABD2-CD6205A1989B}
		{1ADB97CB-60D3-4D0F-99CA-744EB0726868} = {CE4C0E05-3D3D-4213-BFF8-9F1075B3BFFB}
		{8B2C63C4-2F19-47A9-B45E-DABD4E379624} = {CE4C0E05-3D3D-4213-BFF8-9F1075B3BFFB}
		{9DB7A34C-CA30-4EC9-91D5-C6E46078E6F1} = {CE4C0E05-3D3D-4213-BFF8-9F1075B3BFFB}
		{39285437-4F60-4C9E-B44D-A760DE837CFF} = {CE4C0E05-3D3D-4213-BFF8-9F1075B3BFFB}
	EndGlobalSection
	GlobalSection(ExtensibilityGlobals) = postSolution
		SolutionGuid = {68A6A707-43D9-49D2-A1D9-140E19A613F2}
	EndGlobalSection
EndGlobal
