
Microsoft Visual Studio Solution File, Format Version 12.00
# Visual Studio Version 17
VisualStudioVersion = 17.5.33530.505
MinimumVisualStudioVersion = 10.0.40219.1
Project("{2150E333-8FDC-42A3-9474-1A3956D46DE8}") = "01 - 身份认证扩展 - WCF", "01 - 身份认证扩展 - WCF", "{4391B3BF-4B53-474A-8636-14BFA15DDB7B}"
EndProject
Project("{9A19103F-16F7-4668-BE54-9A1E7A4F7556}") = "SD.IdentitySystem.WCF.Authentication", "Extensions\SD.IdentitySystem.WCF.Authentication\SD.IdentitySystem.WCF.Authentication.csproj", "{55E99FFF-1BCC-423F-B945-931A4F2BF2D3}"
EndProject
Project("{9A19103F-16F7-4668-BE54-9A1E7A4F7556}") = "SD.IdentitySystem.WCF.Authentication.AspNetCore", "Extensions\SD.IdentitySystem.WCF.Authentication.AspNetCore\SD.IdentitySystem.WCF.Authentication.AspNetCore.csproj", "{53540D94-41FC-4415-BF61-CEC2E1172E8F}"
EndProject
Project("{9A19103F-16F7-4668-BE54-9A1E7A4F7556}") = "SD.IdentitySystem.WCF.Authentication.Common", "Extensions\SD.IdentitySystem.WCF.Authentication.Common\SD.IdentitySystem.WCF.Authentication.Common.csproj", "{FE93AC6F-B38F-412F-A2B1-2FBE2800C647}"
EndProject
Project("{2150E333-8FDC-42A3-9474-1A3956D46DE8}") = "02 - 身份认证扩展 - ASP.NET Core", "02 - 身份认证扩展 - ASP.NET Core", "{39428193-7C0B-4785-90F2-7C45A67B4D90}"
EndProject
Project("{9A19103F-16F7-4668-BE54-9A1E7A4F7556}") = "SD.IdentitySystem.AspNetCore.Authentication", "Extensions\SD.IdentitySystem.AspNetCore.Authentication\SD.IdentitySystem.AspNetCore.Authentication.csproj", "{732C43F9-7EED-4DB5-BC92-BB120ED4CB73}"
EndProject
Project("{9A19103F-16F7-4668-BE54-9A1E7A4F7556}") = "SD.IdentitySystem.Grpc.Authentication", "Extensions\SD.IdentitySystem.Grpc.Authentication\SD.IdentitySystem.Grpc.Authentication.csproj", "{6A55927F-87D9-40A1-96A8-316B8A0DE2D1}"
EndProject
Project("{9A19103F-16F7-4668-BE54-9A1E7A4F7556}") = "SD.IdentitySystem.SignalR.Authentication", "Extensions\SD.IdentitySystem.SignalR.Authentication\SD.IdentitySystem.SignalR.Authentication.csproj", "{88D13463-74DB-4DF3-9933-D691327DD87F}"
EndProject
Project("{2150E333-8FDC-42A3-9474-1A3956D46DE8}") = "03 - 授权扩展", "03 - 授权扩展", "{B1F655D7-0873-4D79-A8AE-942A6A464EA6}"
EndProject
Project("{9A19103F-16F7-4668-BE54-9A1E7A4F7556}") = "SD.IdentitySystem.Authorization.WPF", "Extensions\SD.IdentitySystem.Authorization.WPF\SD.IdentitySystem.Authorization.WPF.csproj", "{8540C59A-3FDC-428C-9F1B-C44D11BF852E}"
EndProject
Project("{9A19103F-16F7-4668-BE54-9A1E7A4F7556}") = "SD.IdentitySystem.Authorization.Xamarin", "Extensions\SD.IdentitySystem.Authorization.Xamarin\SD.IdentitySystem.Authorization.Xamarin.csproj", "{928ECFF4-926C-47FA-B2BB-1E0ABCEF43FE}"
EndProject
Project("{2150E333-8FDC-42A3-9474-1A3956D46DE8}") = "04 - 用户信息扩展", "04 - 用户信息扩展", "{623424A5-633C-42E2-BD48-8C2F375417E1}"
EndProject
Project("{9A19103F-16F7-4668-BE54-9A1E7A4F7556}") = "SD.IdentitySystem.Membership", "Extensions\SD.IdentitySystem.Membership\SD.IdentitySystem.Membership.csproj", "{C3F8F80E-75C4-48D0-A881-169B86704171}"
EndProject
Project("{9A19103F-16F7-4668-BE54-9A1E7A4F7556}") = "SD.IdentitySystem.Membership.AspNetCore", "Extensions\SD.IdentitySystem.Membership.AspNetCore\SD.IdentitySystem.Membership.AspNetCore.csproj", "{6B735B8C-CED7-4325-936C-F55FB2D09788}"
EndProject
Project("{9A19103F-16F7-4668-BE54-9A1E7A4F7556}") = "SD.IdentitySystem.Membership.Common", "Extensions\SD.IdentitySystem.Membership.Common\SD.IdentitySystem.Membership.Common.csproj", "{221C9B22-4538-42C9-B137-DE336BE15676}"
EndProject
Project("{9A19103F-16F7-4668-BE54-9A1E7A4F7556}") = "SD.IdentitySystem.Membership.WCF", "Extensions\SD.IdentitySystem.Membership.WCF\SD.IdentitySystem.Membership.WCF.csproj", "{CA85800F-6408-4384-BE09-BBC4045B2B85}"
EndProject
Project("{9A19103F-16F7-4668-BE54-9A1E7A4F7556}") = "SD.IdentitySystem.Membership.AspNetCoreMvc", "Extensions\SD.IdentitySystem.Membership.AspNetCoreMvc\SD.IdentitySystem.Membership.AspNetCoreMvc.csproj", "{0DDFC635-F28B-4879-ABF7-819B3C532E48}"
EndProject
Project("{FAE04EC0-301F-11D3-BF4B-00C04F79EFBC}") = "SD.IdentitySystem.Membership.Grpc", "Extensions\SD.IdentitySystem.Membership.Grpc\SD.IdentitySystem.Membership.Grpc.csproj", "{B667FD7E-F99B-4890-8580-05F5B10F6B2E}"
EndProject
Project("{FAE04EC0-301F-11D3-BF4B-00C04F79EFBC}") = "SD.IdentitySystem.Grpc.Authentication.Common", "Extensions\SD.IdentitySystem.Grpc.Authentication.Common\SD.IdentitySystem.Grpc.Authentication.Common.csproj", "{24C44964-2DE4-4F1C-A947-08F11DB93715}"
EndProject
Global
	GlobalSection(SolutionConfigurationPlatforms) = preSolution
		Debug|Any CPU = Debug|Any CPU
		Release|Any CPU = Release|Any CPU
	EndGlobalSection
	GlobalSection(ProjectConfigurationPlatforms) = postSolution
		{55E99FFF-1BCC-423F-B945-931A4F2BF2D3}.Debug|Any CPU.ActiveCfg = Debug|Any CPU
		{55E99FFF-1BCC-423F-B945-931A4F2BF2D3}.Debug|Any CPU.Build.0 = Debug|Any CPU
		{55E99FFF-1BCC-423F-B945-931A4F2BF2D3}.Release|Any CPU.ActiveCfg = Release|Any CPU
		{55E99FFF-1BCC-423F-B945-931A4F2BF2D3}.Release|Any CPU.Build.0 = Release|Any CPU
		{53540D94-41FC-4415-BF61-CEC2E1172E8F}.Debug|Any CPU.ActiveCfg = Debug|Any CPU
		{53540D94-41FC-4415-BF61-CEC2E1172E8F}.Debug|Any CPU.Build.0 = Debug|Any CPU
		{53540D94-41FC-4415-BF61-CEC2E1172E8F}.Release|Any CPU.ActiveCfg = Release|Any CPU
		{53540D94-41FC-4415-BF61-CEC2E1172E8F}.Release|Any CPU.Build.0 = Release|Any CPU
		{FE93AC6F-B38F-412F-A2B1-2FBE2800C647}.Debug|Any CPU.ActiveCfg = Debug|Any CPU
		{FE93AC6F-B38F-412F-A2B1-2FBE2800C647}.Debug|Any CPU.Build.0 = Debug|Any CPU
		{FE93AC6F-B38F-412F-A2B1-2FBE2800C647}.Release|Any CPU.ActiveCfg = Release|Any CPU
		{FE93AC6F-B38F-412F-A2B1-2FBE2800C647}.Release|Any CPU.Build.0 = Release|Any CPU
		{732C43F9-7EED-4DB5-BC92-BB120ED4CB73}.Debug|Any CPU.ActiveCfg = Debug|Any CPU
		{732C43F9-7EED-4DB5-BC92-BB120ED4CB73}.Debug|Any CPU.Build.0 = Debug|Any CPU
		{732C43F9-7EED-4DB5-BC92-BB120ED4CB73}.Release|Any CPU.ActiveCfg = Release|Any CPU
		{732C43F9-7EED-4DB5-BC92-BB120ED4CB73}.Release|Any CPU.Build.0 = Release|Any CPU
		{6A55927F-87D9-40A1-96A8-316B8A0DE2D1}.Debug|Any CPU.ActiveCfg = Debug|Any CPU
		{6A55927F-87D9-40A1-96A8-316B8A0DE2D1}.Debug|Any CPU.Build.0 = Debug|Any CPU
		{6A55927F-87D9-40A1-96A8-316B8A0DE2D1}.Release|Any CPU.ActiveCfg = Release|Any CPU
		{6A55927F-87D9-40A1-96A8-316B8A0DE2D1}.Release|Any CPU.Build.0 = Release|Any CPU
		{88D13463-74DB-4DF3-9933-D691327DD87F}.Debug|Any CPU.ActiveCfg = Debug|Any CPU
		{88D13463-74DB-4DF3-9933-D691327DD87F}.Debug|Any CPU.Build.0 = Debug|Any CPU
		{88D13463-74DB-4DF3-9933-D691327DD87F}.Release|Any CPU.ActiveCfg = Release|Any CPU
		{88D13463-74DB-4DF3-9933-D691327DD87F}.Release|Any CPU.Build.0 = Release|Any CPU
		{8540C59A-3FDC-428C-9F1B-C44D11BF852E}.Debug|Any CPU.ActiveCfg = Debug|Any CPU
		{8540C59A-3FDC-428C-9F1B-C44D11BF852E}.Debug|Any CPU.Build.0 = Debug|Any CPU
		{8540C59A-3FDC-428C-9F1B-C44D11BF852E}.Release|Any CPU.ActiveCfg = Release|Any CPU
		{8540C59A-3FDC-428C-9F1B-C44D11BF852E}.Release|Any CPU.Build.0 = Release|Any CPU
		{928ECFF4-926C-47FA-B2BB-1E0ABCEF43FE}.Debug|Any CPU.ActiveCfg = Debug|Any CPU
		{928ECFF4-926C-47FA-B2BB-1E0ABCEF43FE}.Debug|Any CPU.Build.0 = Debug|Any CPU
		{928ECFF4-926C-47FA-B2BB-1E0ABCEF43FE}.Release|Any CPU.ActiveCfg = Release|Any CPU
		{928ECFF4-926C-47FA-B2BB-1E0ABCEF43FE}.Release|Any CPU.Build.0 = Release|Any CPU
		{C3F8F80E-75C4-48D0-A881-169B86704171}.Debug|Any CPU.ActiveCfg = Debug|Any CPU
		{C3F8F80E-75C4-48D0-A881-169B86704171}.Debug|Any CPU.Build.0 = Debug|Any CPU
		{C3F8F80E-75C4-48D0-A881-169B86704171}.Release|Any CPU.ActiveCfg = Release|Any CPU
		{C3F8F80E-75C4-48D0-A881-169B86704171}.Release|Any CPU.Build.0 = Release|Any CPU
		{6B735B8C-CED7-4325-936C-F55FB2D09788}.Debug|Any CPU.ActiveCfg = Debug|Any CPU
		{6B735B8C-CED7-4325-936C-F55FB2D09788}.Debug|Any CPU.Build.0 = Debug|Any CPU
		{6B735B8C-CED7-4325-936C-F55FB2D09788}.Release|Any CPU.ActiveCfg = Release|Any CPU
		{6B735B8C-CED7-4325-936C-F55FB2D09788}.Release|Any CPU.Build.0 = Release|Any CPU
		{221C9B22-4538-42C9-B137-DE336BE15676}.Debug|Any CPU.ActiveCfg = Debug|Any CPU
		{221C9B22-4538-42C9-B137-DE336BE15676}.Debug|Any CPU.Build.0 = Debug|Any CPU
		{221C9B22-4538-42C9-B137-DE336BE15676}.Release|Any CPU.ActiveCfg = Release|Any CPU
		{221C9B22-4538-42C9-B137-DE336BE15676}.Release|Any CPU.Build.0 = Release|Any CPU
		{CA85800F-6408-4384-BE09-BBC4045B2B85}.Debug|Any CPU.ActiveCfg = Debug|Any CPU
		{CA85800F-6408-4384-BE09-BBC4045B2B85}.Debug|Any CPU.Build.0 = Debug|Any CPU
		{CA85800F-6408-4384-BE09-BBC4045B2B85}.Release|Any CPU.ActiveCfg = Release|Any CPU
		{CA85800F-6408-4384-BE09-BBC4045B2B85}.Release|Any CPU.Build.0 = Release|Any CPU
		{0DDFC635-F28B-4879-ABF7-819B3C532E48}.Debug|Any CPU.ActiveCfg = Debug|Any CPU
		{0DDFC635-F28B-4879-ABF7-819B3C532E48}.Debug|Any CPU.Build.0 = Debug|Any CPU
		{0DDFC635-F28B-4879-ABF7-819B3C532E48}.Release|Any CPU.ActiveCfg = Release|Any CPU
		{0DDFC635-F28B-4879-ABF7-819B3C532E48}.Release|Any CPU.Build.0 = Release|Any CPU
		{B667FD7E-F99B-4890-8580-05F5B10F6B2E}.Debug|Any CPU.ActiveCfg = Debug|Any CPU
		{B667FD7E-F99B-4890-8580-05F5B10F6B2E}.Debug|Any CPU.Build.0 = Debug|Any CPU
		{B667FD7E-F99B-4890-8580-05F5B10F6B2E}.Release|Any CPU.ActiveCfg = Release|Any CPU
		{B667FD7E-F99B-4890-8580-05F5B10F6B2E}.Release|Any CPU.Build.0 = Release|Any CPU
		{24C44964-2DE4-4F1C-A947-08F11DB93715}.Debug|Any CPU.ActiveCfg = Debug|Any CPU
		{24C44964-2DE4-4F1C-A947-08F11DB93715}.Debug|Any CPU.Build.0 = Debug|Any CPU
		{24C44964-2DE4-4F1C-A947-08F11DB93715}.Release|Any CPU.ActiveCfg = Release|Any CPU
		{24C44964-2DE4-4F1C-A947-08F11DB93715}.Release|Any CPU.Build.0 = Release|Any CPU
	EndGlobalSection
	GlobalSection(SolutionProperties) = preSolution
		HideSolutionNode = FALSE
	EndGlobalSection
	GlobalSection(NestedProjects) = preSolution
		{55E99FFF-1BCC-423F-B945-931A4F2BF2D3} = {4391B3BF-4B53-474A-8636-14BFA15DDB7B}
		{53540D94-41FC-4415-BF61-CEC2E1172E8F} = {4391B3BF-4B53-474A-8636-14BFA15DDB7B}
		{FE93AC6F-B38F-412F-A2B1-2FBE2800C647} = {4391B3BF-4B53-474A-8636-14BFA15DDB7B}
		{732C43F9-7EED-4DB5-BC92-BB120ED4CB73} = {39428193-7C0B-4785-90F2-7C45A67B4D90}
		{6A55927F-87D9-40A1-96A8-316B8A0DE2D1} = {39428193-7C0B-4785-90F2-7C45A67B4D90}
		{88D13463-74DB-4DF3-9933-D691327DD87F} = {39428193-7C0B-4785-90F2-7C45A67B4D90}
		{8540C59A-3FDC-428C-9F1B-C44D11BF852E} = {B1F655D7-0873-4D79-A8AE-942A6A464EA6}
		{928ECFF4-926C-47FA-B2BB-1E0ABCEF43FE} = {B1F655D7-0873-4D79-A8AE-942A6A464EA6}
		{C3F8F80E-75C4-48D0-A881-169B86704171} = {623424A5-633C-42E2-BD48-8C2F375417E1}
		{6B735B8C-CED7-4325-936C-F55FB2D09788} = {623424A5-633C-42E2-BD48-8C2F375417E1}
		{221C9B22-4538-42C9-B137-DE336BE15676} = {623424A5-633C-42E2-BD48-8C2F375417E1}
		{CA85800F-6408-4384-BE09-BBC4045B2B85} = {623424A5-633C-42E2-BD48-8C2F375417E1}
		{0DDFC635-F28B-4879-ABF7-819B3C532E48} = {623424A5-633C-42E2-BD48-8C2F375417E1}
		{B667FD7E-F99B-4890-8580-05F5B10F6B2E} = {623424A5-633C-42E2-BD48-8C2F375417E1}
		{24C44964-2DE4-4F1C-A947-08F11DB93715} = {39428193-7C0B-4785-90F2-7C45A67B4D90}
	EndGlobalSection
	GlobalSection(ExtensibilityGlobals) = postSolution
		SolutionGuid = {68A6A707-43D9-49D2-A1D9-140E19A613F2}
	EndGlobalSection
EndGlobal
