
Microsoft Visual Studio Solution File, Format Version 12.00
# Visual Studio Version 16
VisualStudioVersion = 16.0.30907.101
MinimumVisualStudioVersion = 10.0.40219.1
Project("{2150E333-8FDC-42A3-9474-1A3956D46DE8}") = "01 - 应用程序服务", "01 - 应用程序服务", "{6F925C59-1BA0-4E0F-B61D-4F573A08C64B}"
EndProject
Project("{2150E333-8FDC-42A3-9474-1A3956D46DE8}") = "02 - 领域核心", "02 - 领域核心", "{4E46AC96-3000-4185-81F3-18D7FFE5CF82}"
EndProject
Project("{2150E333-8FDC-42A3-9474-1A3956D46DE8}") = "03 - 领域服务实现", "03 - 领域服务实现", "{499F2B7C-CBDA-42BC-932C-C252D5335375}"
EndProject
Project("{2150E333-8FDC-42A3-9474-1A3956D46DE8}") = "04 - 领域事件处理者", "04 - 领域事件处理者", "{E1405A60-894A-48A4-996A-DC23F5487281}"
EndProject
Project("{2150E333-8FDC-42A3-9474-1A3956D46DE8}") = "05 - 仓储实现", "05 - 仓储实现", "{736BB2F7-0FF7-4CAD-9713-BB82C3EDF7D1}"
EndProject
Project("{9A19103F-16F7-4668-BE54-9A1E7A4F7556}") = "SD.IdentitySystem.Domain", "AppServices\SD.IdentitySystem.Domain\SD.IdentitySystem.Domain.csproj", "{20443D88-D509-43C6-942C-0CE1923BC91E}"
EndProject
Project("{9A19103F-16F7-4668-BE54-9A1E7A4F7556}") = "SD.IdentitySystem.DomainService", "AppServices\SD.IdentitySystem.DomainService\SD.IdentitySystem.DomainService.csproj", "{21AB46C4-2C9B-4D96-AB4F-437AC2F662E6}"
EndProject
Project("{9A19103F-16F7-4668-BE54-9A1E7A4F7556}") = "SD.IdentitySystem.DomainEventHandler", "AppServices\SD.IdentitySystem.DomainEventHandler\SD.IdentitySystem.DomainEventHandler.csproj", "{DE59EC3B-2E0C-41E4-B0F2-F4530E650E1D}"
EndProject
Project("{9A19103F-16F7-4668-BE54-9A1E7A4F7556}") = "SD.IdentitySystem.Repository", "AppServices\SD.IdentitySystem.Repository\SD.IdentitySystem.Repository.csproj", "{33F75AC9-F2CC-4117-A04D-E701EF897924}"
EndProject
Project("{9A19103F-16F7-4668-BE54-9A1E7A4F7556}") = "SD.IdentitySystem.IAppService", "AppServices\SD.IdentitySystem.IAppService\SD.IdentitySystem.IAppService.csproj", "{52BF9A76-1B01-4C29-8067-E6F1C88896FD}"
EndProject
Project("{2150E333-8FDC-42A3-9474-1A3956D46DE8}") = "00 - Hosts", "00 - Hosts", "{08AC5539-024B-4EB6-A9A8-625BFE3671A7}"
EndProject
Project("{9A19103F-16F7-4668-BE54-9A1E7A4F7556}") = "SD.IdentitySystem.AppService", "AppServices\SD.IdentitySystem.AppService\SD.IdentitySystem.AppService.csproj", "{E85A09EB-4F34-4B0A-A033-7F9D764EDBB8}"
EndProject
Project("{9A19103F-16F7-4668-BE54-9A1E7A4F7556}") = "SD.IdentitySystem.AppService.Host.WCF", "AppServices\SD.IdentitySystem.AppService.Host.WCF\SD.IdentitySystem.AppService.Host.WCF.csproj", "{96B38C17-6A74-4809-BD4C-8855E0A5A8CA}"
EndProject
Project("{9A19103F-16F7-4668-BE54-9A1E7A4F7556}") = "SD.IdentitySystem.AppService.Host.CoreWebApi", "AppServices\SD.IdentitySystem.AppService.Host.CoreWebApi\SD.IdentitySystem.AppService.Host.CoreWebApi.csproj", "{6195BA53-B23C-4B8E-B7B4-31EBE12BE557}"
EndProject
Project("{9A19103F-16F7-4668-BE54-9A1E7A4F7556}") = "SD.IdentitySystem.AppService.Host.OwinWebApi", "AppServices\SD.IdentitySystem.AppService.Host.OwinWebApi\SD.IdentitySystem.AppService.Host.OwinWebApi.csproj", "{0A55552C-9755-4DC6-9810-39E1AB8B6E66}"
EndProject
Project("{9A19103F-16F7-4668-BE54-9A1E7A4F7556}") = "SD.IdentitySystem.Repository.EFCore", "AppServices\SD.IdentitySystem.Repository.EFCore\SD.IdentitySystem.Repository.EFCore.csproj", "{7DFBB9E0-A348-4408-BE63-03CFBC9242FD}"
EndProject
Project("{9A19103F-16F7-4668-BE54-9A1E7A4F7556}") = "SD.IdentitySystem.AppService.Host.CoreWCF", "AppServices\SD.IdentitySystem.AppService.Host.CoreWCF\SD.IdentitySystem.AppService.Host.CoreWCF.csproj", "{6B0B7C13-7C1B-470F-A494-11B7764F3C2E}"
EndProject
Global
	GlobalSection(SolutionConfigurationPlatforms) = preSolution
		Debug|Any CPU = Debug|Any CPU
		Release|Any CPU = Release|Any CPU
	EndGlobalSection
	GlobalSection(ProjectConfigurationPlatforms) = postSolution
		{20443D88-D509-43C6-942C-0CE1923BC91E}.Debug|Any CPU.ActiveCfg = Debug|Any CPU
		{20443D88-D509-43C6-942C-0CE1923BC91E}.Debug|Any CPU.Build.0 = Debug|Any CPU
		{20443D88-D509-43C6-942C-0CE1923BC91E}.Release|Any CPU.ActiveCfg = Release|Any CPU
		{20443D88-D509-43C6-942C-0CE1923BC91E}.Release|Any CPU.Build.0 = Release|Any CPU
		{21AB46C4-2C9B-4D96-AB4F-437AC2F662E6}.Debug|Any CPU.ActiveCfg = Debug|Any CPU
		{21AB46C4-2C9B-4D96-AB4F-437AC2F662E6}.Debug|Any CPU.Build.0 = Debug|Any CPU
		{21AB46C4-2C9B-4D96-AB4F-437AC2F662E6}.Release|Any CPU.ActiveCfg = Release|Any CPU
		{21AB46C4-2C9B-4D96-AB4F-437AC2F662E6}.Release|Any CPU.Build.0 = Release|Any CPU
		{DE59EC3B-2E0C-41E4-B0F2-F4530E650E1D}.Debug|Any CPU.ActiveCfg = Debug|Any CPU
		{DE59EC3B-2E0C-41E4-B0F2-F4530E650E1D}.Debug|Any CPU.Build.0 = Debug|Any CPU
		{DE59EC3B-2E0C-41E4-B0F2-F4530E650E1D}.Release|Any CPU.ActiveCfg = Release|Any CPU
		{DE59EC3B-2E0C-41E4-B0F2-F4530E650E1D}.Release|Any CPU.Build.0 = Release|Any CPU
		{33F75AC9-F2CC-4117-A04D-E701EF897924}.Debug|Any CPU.ActiveCfg = Debug|Any CPU
		{33F75AC9-F2CC-4117-A04D-E701EF897924}.Debug|Any CPU.Build.0 = Debug|Any CPU
		{33F75AC9-F2CC-4117-A04D-E701EF897924}.Release|Any CPU.ActiveCfg = Release|Any CPU
		{33F75AC9-F2CC-4117-A04D-E701EF897924}.Release|Any CPU.Build.0 = Release|Any CPU
		{52BF9A76-1B01-4C29-8067-E6F1C88896FD}.Debug|Any CPU.ActiveCfg = Debug|Any CPU
		{52BF9A76-1B01-4C29-8067-E6F1C88896FD}.Debug|Any CPU.Build.0 = Debug|Any CPU
		{52BF9A76-1B01-4C29-8067-E6F1C88896FD}.Release|Any CPU.ActiveCfg = Release|Any CPU
		{52BF9A76-1B01-4C29-8067-E6F1C88896FD}.Release|Any CPU.Build.0 = Release|Any CPU
		{E85A09EB-4F34-4B0A-A033-7F9D764EDBB8}.Debug|Any CPU.ActiveCfg = Debug|Any CPU
		{E85A09EB-4F34-4B0A-A033-7F9D764EDBB8}.Debug|Any CPU.Build.0 = Debug|Any CPU
		{E85A09EB-4F34-4B0A-A033-7F9D764EDBB8}.Release|Any CPU.ActiveCfg = Release|Any CPU
		{E85A09EB-4F34-4B0A-A033-7F9D764EDBB8}.Release|Any CPU.Build.0 = Release|Any CPU
		{96B38C17-6A74-4809-BD4C-8855E0A5A8CA}.Debug|Any CPU.ActiveCfg = Debug|Any CPU
		{96B38C17-6A74-4809-BD4C-8855E0A5A8CA}.Debug|Any CPU.Build.0 = Debug|Any CPU
		{96B38C17-6A74-4809-BD4C-8855E0A5A8CA}.Release|Any CPU.ActiveCfg = Release|Any CPU
		{96B38C17-6A74-4809-BD4C-8855E0A5A8CA}.Release|Any CPU.Build.0 = Release|Any CPU
		{6195BA53-B23C-4B8E-B7B4-31EBE12BE557}.Debug|Any CPU.ActiveCfg = Debug|Any CPU
		{6195BA53-B23C-4B8E-B7B4-31EBE12BE557}.Debug|Any CPU.Build.0 = Debug|Any CPU
		{6195BA53-B23C-4B8E-B7B4-31EBE12BE557}.Release|Any CPU.ActiveCfg = Release|Any CPU
		{6195BA53-B23C-4B8E-B7B4-31EBE12BE557}.Release|Any CPU.Build.0 = Release|Any CPU
		{0A55552C-9755-4DC6-9810-39E1AB8B6E66}.Debug|Any CPU.ActiveCfg = Debug|Any CPU
		{0A55552C-9755-4DC6-9810-39E1AB8B6E66}.Debug|Any CPU.Build.0 = Debug|Any CPU
		{0A55552C-9755-4DC6-9810-39E1AB8B6E66}.Release|Any CPU.ActiveCfg = Release|Any CPU
		{0A55552C-9755-4DC6-9810-39E1AB8B6E66}.Release|Any CPU.Build.0 = Release|Any CPU
		{7DFBB9E0-A348-4408-BE63-03CFBC9242FD}.Debug|Any CPU.ActiveCfg = Debug|Any CPU
		{7DFBB9E0-A348-4408-BE63-03CFBC9242FD}.Debug|Any CPU.Build.0 = Debug|Any CPU
		{7DFBB9E0-A348-4408-BE63-03CFBC9242FD}.Release|Any CPU.ActiveCfg = Release|Any CPU
		{7DFBB9E0-A348-4408-BE63-03CFBC9242FD}.Release|Any CPU.Build.0 = Release|Any CPU
		{6B0B7C13-7C1B-470F-A494-11B7764F3C2E}.Debug|Any CPU.ActiveCfg = Debug|Any CPU
		{6B0B7C13-7C1B-470F-A494-11B7764F3C2E}.Debug|Any CPU.Build.0 = Debug|Any CPU
		{6B0B7C13-7C1B-470F-A494-11B7764F3C2E}.Release|Any CPU.ActiveCfg = Release|Any CPU
		{6B0B7C13-7C1B-470F-A494-11B7764F3C2E}.Release|Any CPU.Build.0 = Release|Any CPU
	EndGlobalSection
	GlobalSection(SolutionProperties) = preSolution
		HideSolutionNode = FALSE
	EndGlobalSection
	GlobalSection(NestedProjects) = preSolution
		{20443D88-D509-43C6-942C-0CE1923BC91E} = {4E46AC96-3000-4185-81F3-18D7FFE5CF82}
		{21AB46C4-2C9B-4D96-AB4F-437AC2F662E6} = {499F2B7C-CBDA-42BC-932C-C252D5335375}
		{DE59EC3B-2E0C-41E4-B0F2-F4530E650E1D} = {E1405A60-894A-48A4-996A-DC23F5487281}
		{33F75AC9-F2CC-4117-A04D-E701EF897924} = {736BB2F7-0FF7-4CAD-9713-BB82C3EDF7D1}
		{52BF9A76-1B01-4C29-8067-E6F1C88896FD} = {6F925C59-1BA0-4E0F-B61D-4F573A08C64B}
		{E85A09EB-4F34-4B0A-A033-7F9D764EDBB8} = {6F925C59-1BA0-4E0F-B61D-4F573A08C64B}
		{96B38C17-6A74-4809-BD4C-8855E0A5A8CA} = {08AC5539-024B-4EB6-A9A8-625BFE3671A7}
		{6195BA53-B23C-4B8E-B7B4-31EBE12BE557} = {08AC5539-024B-4EB6-A9A8-625BFE3671A7}
		{0A55552C-9755-4DC6-9810-39E1AB8B6E66} = {08AC5539-024B-4EB6-A9A8-625BFE3671A7}
		{7DFBB9E0-A348-4408-BE63-03CFBC9242FD} = {736BB2F7-0FF7-4CAD-9713-BB82C3EDF7D1}
		{6B0B7C13-7C1B-470F-A494-11B7764F3C2E} = {08AC5539-024B-4EB6-A9A8-625BFE3671A7}
	EndGlobalSection
	GlobalSection(ExtensibilityGlobals) = postSolution
		SolutionGuid = {9428DB86-89E0-425E-9C5A-836EC410CD83}
	EndGlobalSection
EndGlobal
