
Microsoft Visual Studio Solution File, Format Version 12.00
# Visual Studio Version 17
VisualStudioVersion = 17.5.33530.505
MinimumVisualStudioVersion = 10.0.40219.1
Project("{2150E333-8FDC-42A3-9474-1A3956D46DE8}") = "05 - Extensions", "05 - Extensions", "{BED16DF1-091A-4EAC-9EC7-A25987933B6C}"
EndProject
Project("{9A19103F-16F7-4668-BE54-9A1E7A4F7556}") = "SD.IdentitySystem.WCF.Authentication", "Extensions\SD.IdentitySystem.WCF.Authentication\SD.IdentitySystem.WCF.Authentication.csproj", "{55E99FFF-1BCC-423F-B945-931A4F2BF2D3}"
EndProject
Project("{2150E333-8FDC-42A3-9474-1A3956D46DE8}") = "01 - 身份认证测试", "01 - 身份认证测试", "{80C033FF-4952-4E0E-9D80-4931FBA295D8}"
EndProject
Project("{2150E333-8FDC-42A3-9474-1A3956D46DE8}") = "04 - Stubs", "04 - Stubs", "{9B2E861F-F56E-4BFB-A83C-8A5A71B1047C}"
EndProject
Project("{9A19103F-16F7-4668-BE54-9A1E7A4F7556}") = "SD.IdentitySystem.StubWCF.Server", "Tests\SD.IdentitySystem.StubWCF.Server\SD.IdentitySystem.StubWCF.Server.csproj", "{757ECCC8-D24A-44A4-BC0B-184003B9DAAB}"
EndProject
Project("{9A19103F-16F7-4668-BE54-9A1E7A4F7556}") = "SD.IdentitySystem.StubWCF.Client", "Tests\SD.IdentitySystem.StubWCF.Client\SD.IdentitySystem.StubWCF.Client.csproj", "{27C3D0AE-91E2-4548-A0DD-B5F2E9CFD805}"
EndProject
Project("{9A19103F-16F7-4668-BE54-9A1E7A4F7556}") = "SD.IdentitySystem.Windows.Tests", "Tests\SD.IdentitySystem.Windows.Tests\SD.IdentitySystem.Windows.Tests.csproj", "{BABA3361-BEB6-4381-A870-BF7BD76C477C}"
EndProject
Project("{9A19103F-16F7-4668-BE54-9A1E7A4F7556}") = "SD.IdentitySystem.WCF.Authentication.Windows", "Extensions\SD.IdentitySystem.WCF.Authentication.Windows\SD.IdentitySystem.WCF.Authentication.Windows.csproj", "{FE93AC6F-B38F-412F-A2B1-2FBE2800C647}"
EndProject
Project("{2150E333-8FDC-42A3-9474-1A3956D46DE8}") = "03 - 许可证测试", "03 - 许可证测试", "{074F5A49-ECAA-45C8-A9DF-26D5DEC119A0}"
EndProject
Project("{9A19103F-16F7-4668-BE54-9A1E7A4F7556}") = "SD.IdentitySystem.LicenseManager.Tests", "Tests\SD.IdentitySystem.LicenseManager.Tests\SD.IdentitySystem.LicenseManager.Tests.csproj", "{F569D535-EE1B-46EC-9F67-F6A0B76761FA}"
EndProject
Project("{9A19103F-16F7-4668-BE54-9A1E7A4F7556}") = "SD.IdentitySystem.LicenseManager", "Tools\SD.IdentitySystem.LicenseManager\SD.IdentitySystem.LicenseManager.csproj", "{9DB7A34C-CA30-4EC9-91D5-C6E46078E6F1}"
EndProject
Project("{9A19103F-16F7-4668-BE54-9A1E7A4F7556}") = "SD.IdentitySystem.WCF.Authentication.AspNetCore", "Extensions\SD.IdentitySystem.WCF.Authentication.AspNetCore\SD.IdentitySystem.WCF.Authentication.AspNetCore.csproj", "{FA9145F2-8C81-498A-9DE0-6D69C98FA8C2}"
EndProject
Project("{9A19103F-16F7-4668-BE54-9A1E7A4F7556}") = "SD.IdentitySystem.AspNetCore.Tests", "Tests\SD.IdentitySystem.AspNetCore.Tests\SD.IdentitySystem.AspNetCore.Tests.csproj", "{E5D589BB-8233-40FF-96D2-3623133EEB32}"
EndProject
Project("{9A19103F-16F7-4668-BE54-9A1E7A4F7556}") = "SD.IdentitySystem.StubWCF.IAppService", "Tests\SD.IdentitySystem.StubWCF.IAppService\SD.IdentitySystem.StubWCF.IAppService.csproj", "{1429DE44-8DF0-41A6-93A7-8A2B3FD4873F}"
EndProject
Project("{9A19103F-16F7-4668-BE54-9A1E7A4F7556}") = "SD.IdentitySystem.WCF.Tests", "Tests\SD.IdentitySystem.WCF.Tests\SD.IdentitySystem.WCF.Tests.csproj", "{B05E2BD1-7D0B-4293-975A-8827CC192C22}"
EndProject
Project("{9A19103F-16F7-4668-BE54-9A1E7A4F7556}") = "SD.IdentitySystem.Membership", "Extensions\SD.IdentitySystem.Membership\SD.IdentitySystem.Membership.csproj", "{EC869D64-75DC-4618-B3A3-CCE9E8E6E3A7}"
EndProject
Project("{9A19103F-16F7-4668-BE54-9A1E7A4F7556}") = "SD.IdentitySystem.Membership.AspNetCore", "Extensions\SD.IdentitySystem.Membership.AspNetCore\SD.IdentitySystem.Membership.AspNetCore.csproj", "{288F8B36-76B6-413A-8A70-05C423EB408B}"
EndProject
Project("{9A19103F-16F7-4668-BE54-9A1E7A4F7556}") = "SD.IdentitySystem.Membership.WCF", "Extensions\SD.IdentitySystem.Membership.WCF\SD.IdentitySystem.Membership.WCF.csproj", "{8D3AD5CC-0011-44FA-AEA8-8344B084F9C2}"
EndProject
Project("{9A19103F-16F7-4668-BE54-9A1E7A4F7556}") = "SD.IdentitySystem.Membership.Common", "Extensions\SD.IdentitySystem.Membership.Common\SD.IdentitySystem.Membership.Common.csproj", "{ABDDAB08-9BEB-4540-A179-558C742CB488}"
EndProject
Project("{2150E333-8FDC-42A3-9474-1A3956D46DE8}") = "02 - Membership 测试", "02 - Membership 测试", "{8E6A1390-E95D-4589-A3A3-2F109F3C21AF}"
EndProject
Project("{9A19103F-16F7-4668-BE54-9A1E7A4F7556}") = "SD.IdentitySystem.Membership.Tests", "Tests\SD.IdentitySystem.Membership.Tests\SD.IdentitySystem.Membership.Tests.csproj", "{81B720F7-46C8-46A8-8DEF-7BEA16AB8D08}"
EndProject
Global
	GlobalSection(SolutionConfigurationPlatforms) = preSolution
		Debug|Any CPU = Debug|Any CPU
		Develop|Any CPU = Develop|Any CPU
		Integration|Any CPU = Integration|Any CPU
		Release|Any CPU = Release|Any CPU
		Test|Any CPU = Test|Any CPU
	EndGlobalSection
	GlobalSection(ProjectConfigurationPlatforms) = postSolution
		{55E99FFF-1BCC-423F-B945-931A4F2BF2D3}.Debug|Any CPU.ActiveCfg = Debug|Any CPU
		{55E99FFF-1BCC-423F-B945-931A4F2BF2D3}.Debug|Any CPU.Build.0 = Debug|Any CPU
		{55E99FFF-1BCC-423F-B945-931A4F2BF2D3}.Develop|Any CPU.ActiveCfg = Develop|Any CPU
		{55E99FFF-1BCC-423F-B945-931A4F2BF2D3}.Develop|Any CPU.Build.0 = Develop|Any CPU
		{55E99FFF-1BCC-423F-B945-931A4F2BF2D3}.Integration|Any CPU.ActiveCfg = Integration|Any CPU
		{55E99FFF-1BCC-423F-B945-931A4F2BF2D3}.Integration|Any CPU.Build.0 = Integration|Any CPU
		{55E99FFF-1BCC-423F-B945-931A4F2BF2D3}.Release|Any CPU.ActiveCfg = Release|Any CPU
		{55E99FFF-1BCC-423F-B945-931A4F2BF2D3}.Release|Any CPU.Build.0 = Release|Any CPU
		{55E99FFF-1BCC-423F-B945-931A4F2BF2D3}.Test|Any CPU.ActiveCfg = Test|Any CPU
		{55E99FFF-1BCC-423F-B945-931A4F2BF2D3}.Test|Any CPU.Build.0 = Test|Any CPU
		{757ECCC8-D24A-44A4-BC0B-184003B9DAAB}.Debug|Any CPU.ActiveCfg = Debug|Any CPU
		{757ECCC8-D24A-44A4-BC0B-184003B9DAAB}.Debug|Any CPU.Build.0 = Debug|Any CPU
		{757ECCC8-D24A-44A4-BC0B-184003B9DAAB}.Develop|Any CPU.ActiveCfg = Develop|Any CPU
		{757ECCC8-D24A-44A4-BC0B-184003B9DAAB}.Develop|Any CPU.Build.0 = Develop|Any CPU
		{757ECCC8-D24A-44A4-BC0B-184003B9DAAB}.Integration|Any CPU.ActiveCfg = Develop|Any CPU
		{757ECCC8-D24A-44A4-BC0B-184003B9DAAB}.Integration|Any CPU.Build.0 = Develop|Any CPU
		{757ECCC8-D24A-44A4-BC0B-184003B9DAAB}.Release|Any CPU.ActiveCfg = Release|Any CPU
		{757ECCC8-D24A-44A4-BC0B-184003B9DAAB}.Release|Any CPU.Build.0 = Release|Any CPU
		{757ECCC8-D24A-44A4-BC0B-184003B9DAAB}.Test|Any CPU.ActiveCfg = Develop|Any CPU
		{757ECCC8-D24A-44A4-BC0B-184003B9DAAB}.Test|Any CPU.Build.0 = Develop|Any CPU
		{27C3D0AE-91E2-4548-A0DD-B5F2E9CFD805}.Debug|Any CPU.ActiveCfg = Debug|Any CPU
		{27C3D0AE-91E2-4548-A0DD-B5F2E9CFD805}.Debug|Any CPU.Build.0 = Debug|Any CPU
		{27C3D0AE-91E2-4548-A0DD-B5F2E9CFD805}.Develop|Any CPU.ActiveCfg = Develop|Any CPU
		{27C3D0AE-91E2-4548-A0DD-B5F2E9CFD805}.Develop|Any CPU.Build.0 = Develop|Any CPU
		{27C3D0AE-91E2-4548-A0DD-B5F2E9CFD805}.Integration|Any CPU.ActiveCfg = Develop|Any CPU
		{27C3D0AE-91E2-4548-A0DD-B5F2E9CFD805}.Integration|Any CPU.Build.0 = Develop|Any CPU
		{27C3D0AE-91E2-4548-A0DD-B5F2E9CFD805}.Release|Any CPU.ActiveCfg = Release|Any CPU
		{27C3D0AE-91E2-4548-A0DD-B5F2E9CFD805}.Release|Any CPU.Build.0 = Release|Any CPU
		{27C3D0AE-91E2-4548-A0DD-B5F2E9CFD805}.Test|Any CPU.ActiveCfg = Develop|Any CPU
		{27C3D0AE-91E2-4548-A0DD-B5F2E9CFD805}.Test|Any CPU.Build.0 = Develop|Any CPU
		{BABA3361-BEB6-4381-A870-BF7BD76C477C}.Debug|Any CPU.ActiveCfg = Debug|Any CPU
		{BABA3361-BEB6-4381-A870-BF7BD76C477C}.Debug|Any CPU.Build.0 = Debug|Any CPU
		{BABA3361-BEB6-4381-A870-BF7BD76C477C}.Develop|Any CPU.ActiveCfg = Develop|Any CPU
		{BABA3361-BEB6-4381-A870-BF7BD76C477C}.Develop|Any CPU.Build.0 = Develop|Any CPU
		{BABA3361-BEB6-4381-A870-BF7BD76C477C}.Integration|Any CPU.ActiveCfg = Develop|Any CPU
		{BABA3361-BEB6-4381-A870-BF7BD76C477C}.Integration|Any CPU.Build.0 = Develop|Any CPU
		{BABA3361-BEB6-4381-A870-BF7BD76C477C}.Release|Any CPU.ActiveCfg = Release|Any CPU
		{BABA3361-BEB6-4381-A870-BF7BD76C477C}.Release|Any CPU.Build.0 = Release|Any CPU
		{BABA3361-BEB6-4381-A870-BF7BD76C477C}.Test|Any CPU.ActiveCfg = Develop|Any CPU
		{BABA3361-BEB6-4381-A870-BF7BD76C477C}.Test|Any CPU.Build.0 = Develop|Any CPU
		{FE93AC6F-B38F-412F-A2B1-2FBE2800C647}.Debug|Any CPU.ActiveCfg = Debug|Any CPU
		{FE93AC6F-B38F-412F-A2B1-2FBE2800C647}.Debug|Any CPU.Build.0 = Debug|Any CPU
		{FE93AC6F-B38F-412F-A2B1-2FBE2800C647}.Develop|Any CPU.ActiveCfg = Debug|Any CPU
		{FE93AC6F-B38F-412F-A2B1-2FBE2800C647}.Develop|Any CPU.Build.0 = Debug|Any CPU
		{FE93AC6F-B38F-412F-A2B1-2FBE2800C647}.Integration|Any CPU.ActiveCfg = Release|Any CPU
		{FE93AC6F-B38F-412F-A2B1-2FBE2800C647}.Integration|Any CPU.Build.0 = Release|Any CPU
		{FE93AC6F-B38F-412F-A2B1-2FBE2800C647}.Release|Any CPU.ActiveCfg = Release|Any CPU
		{FE93AC6F-B38F-412F-A2B1-2FBE2800C647}.Release|Any CPU.Build.0 = Release|Any CPU
		{FE93AC6F-B38F-412F-A2B1-2FBE2800C647}.Test|Any CPU.ActiveCfg = Release|Any CPU
		{FE93AC6F-B38F-412F-A2B1-2FBE2800C647}.Test|Any CPU.Build.0 = Release|Any CPU
		{F569D535-EE1B-46EC-9F67-F6A0B76761FA}.Debug|Any CPU.ActiveCfg = Debug|Any CPU
		{F569D535-EE1B-46EC-9F67-F6A0B76761FA}.Debug|Any CPU.Build.0 = Debug|Any CPU
		{F569D535-EE1B-46EC-9F67-F6A0B76761FA}.Develop|Any CPU.ActiveCfg = Debug|Any CPU
		{F569D535-EE1B-46EC-9F67-F6A0B76761FA}.Develop|Any CPU.Build.0 = Debug|Any CPU
		{F569D535-EE1B-46EC-9F67-F6A0B76761FA}.Integration|Any CPU.ActiveCfg = Release|Any CPU
		{F569D535-EE1B-46EC-9F67-F6A0B76761FA}.Integration|Any CPU.Build.0 = Release|Any CPU
		{F569D535-EE1B-46EC-9F67-F6A0B76761FA}.Release|Any CPU.ActiveCfg = Release|Any CPU
		{F569D535-EE1B-46EC-9F67-F6A0B76761FA}.Release|Any CPU.Build.0 = Release|Any CPU
		{F569D535-EE1B-46EC-9F67-F6A0B76761FA}.Test|Any CPU.ActiveCfg = Release|Any CPU
		{F569D535-EE1B-46EC-9F67-F6A0B76761FA}.Test|Any CPU.Build.0 = Release|Any CPU
		{9DB7A34C-CA30-4EC9-91D5-C6E46078E6F1}.Debug|Any CPU.ActiveCfg = Debug|Any CPU
		{9DB7A34C-CA30-4EC9-91D5-C6E46078E6F1}.Debug|Any CPU.Build.0 = Debug|Any CPU
		{9DB7A34C-CA30-4EC9-91D5-C6E46078E6F1}.Develop|Any CPU.ActiveCfg = Debug|Any CPU
		{9DB7A34C-CA30-4EC9-91D5-C6E46078E6F1}.Develop|Any CPU.Build.0 = Debug|Any CPU
		{9DB7A34C-CA30-4EC9-91D5-C6E46078E6F1}.Integration|Any CPU.ActiveCfg = Release|Any CPU
		{9DB7A34C-CA30-4EC9-91D5-C6E46078E6F1}.Integration|Any CPU.Build.0 = Release|Any CPU
		{9DB7A34C-CA30-4EC9-91D5-C6E46078E6F1}.Release|Any CPU.ActiveCfg = Release|Any CPU
		{9DB7A34C-CA30-4EC9-91D5-C6E46078E6F1}.Release|Any CPU.Build.0 = Release|Any CPU
		{9DB7A34C-CA30-4EC9-91D5-C6E46078E6F1}.Test|Any CPU.ActiveCfg = Release|Any CPU
		{9DB7A34C-CA30-4EC9-91D5-C6E46078E6F1}.Test|Any CPU.Build.0 = Release|Any CPU
		{FA9145F2-8C81-498A-9DE0-6D69C98FA8C2}.Debug|Any CPU.ActiveCfg = Debug|Any CPU
		{FA9145F2-8C81-498A-9DE0-6D69C98FA8C2}.Debug|Any CPU.Build.0 = Debug|Any CPU
		{FA9145F2-8C81-498A-9DE0-6D69C98FA8C2}.Develop|Any CPU.ActiveCfg = Debug|Any CPU
		{FA9145F2-8C81-498A-9DE0-6D69C98FA8C2}.Develop|Any CPU.Build.0 = Debug|Any CPU
		{FA9145F2-8C81-498A-9DE0-6D69C98FA8C2}.Integration|Any CPU.ActiveCfg = Debug|Any CPU
		{FA9145F2-8C81-498A-9DE0-6D69C98FA8C2}.Integration|Any CPU.Build.0 = Debug|Any CPU
		{FA9145F2-8C81-498A-9DE0-6D69C98FA8C2}.Release|Any CPU.ActiveCfg = Release|Any CPU
		{FA9145F2-8C81-498A-9DE0-6D69C98FA8C2}.Release|Any CPU.Build.0 = Release|Any CPU
		{FA9145F2-8C81-498A-9DE0-6D69C98FA8C2}.Test|Any CPU.ActiveCfg = Debug|Any CPU
		{FA9145F2-8C81-498A-9DE0-6D69C98FA8C2}.Test|Any CPU.Build.0 = Debug|Any CPU
		{E5D589BB-8233-40FF-96D2-3623133EEB32}.Debug|Any CPU.ActiveCfg = Debug|Any CPU
		{E5D589BB-8233-40FF-96D2-3623133EEB32}.Debug|Any CPU.Build.0 = Debug|Any CPU
		{E5D589BB-8233-40FF-96D2-3623133EEB32}.Develop|Any CPU.ActiveCfg = Debug|Any CPU
		{E5D589BB-8233-40FF-96D2-3623133EEB32}.Develop|Any CPU.Build.0 = Debug|Any CPU
		{E5D589BB-8233-40FF-96D2-3623133EEB32}.Integration|Any CPU.ActiveCfg = Debug|Any CPU
		{E5D589BB-8233-40FF-96D2-3623133EEB32}.Integration|Any CPU.Build.0 = Debug|Any CPU
		{E5D589BB-8233-40FF-96D2-3623133EEB32}.Release|Any CPU.ActiveCfg = Release|Any CPU
		{E5D589BB-8233-40FF-96D2-3623133EEB32}.Release|Any CPU.Build.0 = Release|Any CPU
		{E5D589BB-8233-40FF-96D2-3623133EEB32}.Test|Any CPU.ActiveCfg = Debug|Any CPU
		{E5D589BB-8233-40FF-96D2-3623133EEB32}.Test|Any CPU.Build.0 = Debug|Any CPU
		{1429DE44-8DF0-41A6-93A7-8A2B3FD4873F}.Debug|Any CPU.ActiveCfg = Debug|Any CPU
		{1429DE44-8DF0-41A6-93A7-8A2B3FD4873F}.Debug|Any CPU.Build.0 = Debug|Any CPU
		{1429DE44-8DF0-41A6-93A7-8A2B3FD4873F}.Develop|Any CPU.ActiveCfg = Debug|Any CPU
		{1429DE44-8DF0-41A6-93A7-8A2B3FD4873F}.Develop|Any CPU.Build.0 = Debug|Any CPU
		{1429DE44-8DF0-41A6-93A7-8A2B3FD4873F}.Integration|Any CPU.ActiveCfg = Debug|Any CPU
		{1429DE44-8DF0-41A6-93A7-8A2B3FD4873F}.Integration|Any CPU.Build.0 = Debug|Any CPU
		{1429DE44-8DF0-41A6-93A7-8A2B3FD4873F}.Release|Any CPU.ActiveCfg = Release|Any CPU
		{1429DE44-8DF0-41A6-93A7-8A2B3FD4873F}.Release|Any CPU.Build.0 = Release|Any CPU
		{1429DE44-8DF0-41A6-93A7-8A2B3FD4873F}.Test|Any CPU.ActiveCfg = Debug|Any CPU
		{1429DE44-8DF0-41A6-93A7-8A2B3FD4873F}.Test|Any CPU.Build.0 = Debug|Any CPU
		{B05E2BD1-7D0B-4293-975A-8827CC192C22}.Debug|Any CPU.ActiveCfg = Debug|Any CPU
		{B05E2BD1-7D0B-4293-975A-8827CC192C22}.Debug|Any CPU.Build.0 = Debug|Any CPU
		{B05E2BD1-7D0B-4293-975A-8827CC192C22}.Develop|Any CPU.ActiveCfg = Debug|Any CPU
		{B05E2BD1-7D0B-4293-975A-8827CC192C22}.Develop|Any CPU.Build.0 = Debug|Any CPU
		{B05E2BD1-7D0B-4293-975A-8827CC192C22}.Integration|Any CPU.ActiveCfg = Debug|Any CPU
		{B05E2BD1-7D0B-4293-975A-8827CC192C22}.Integration|Any CPU.Build.0 = Debug|Any CPU
		{B05E2BD1-7D0B-4293-975A-8827CC192C22}.Release|Any CPU.ActiveCfg = Release|Any CPU
		{B05E2BD1-7D0B-4293-975A-8827CC192C22}.Release|Any CPU.Build.0 = Release|Any CPU
		{B05E2BD1-7D0B-4293-975A-8827CC192C22}.Test|Any CPU.ActiveCfg = Debug|Any CPU
		{B05E2BD1-7D0B-4293-975A-8827CC192C22}.Test|Any CPU.Build.0 = Debug|Any CPU
		{EC869D64-75DC-4618-B3A3-CCE9E8E6E3A7}.Debug|Any CPU.ActiveCfg = Debug|Any CPU
		{EC869D64-75DC-4618-B3A3-CCE9E8E6E3A7}.Debug|Any CPU.Build.0 = Debug|Any CPU
		{EC869D64-75DC-4618-B3A3-CCE9E8E6E3A7}.Develop|Any CPU.ActiveCfg = Debug|Any CPU
		{EC869D64-75DC-4618-B3A3-CCE9E8E6E3A7}.Develop|Any CPU.Build.0 = Debug|Any CPU
		{EC869D64-75DC-4618-B3A3-CCE9E8E6E3A7}.Integration|Any CPU.ActiveCfg = Debug|Any CPU
		{EC869D64-75DC-4618-B3A3-CCE9E8E6E3A7}.Integration|Any CPU.Build.0 = Debug|Any CPU
		{EC869D64-75DC-4618-B3A3-CCE9E8E6E3A7}.Release|Any CPU.ActiveCfg = Release|Any CPU
		{EC869D64-75DC-4618-B3A3-CCE9E8E6E3A7}.Release|Any CPU.Build.0 = Release|Any CPU
		{EC869D64-75DC-4618-B3A3-CCE9E8E6E3A7}.Test|Any CPU.ActiveCfg = Debug|Any CPU
		{EC869D64-75DC-4618-B3A3-CCE9E8E6E3A7}.Test|Any CPU.Build.0 = Debug|Any CPU
		{288F8B36-76B6-413A-8A70-05C423EB408B}.Debug|Any CPU.ActiveCfg = Debug|Any CPU
		{288F8B36-76B6-413A-8A70-05C423EB408B}.Debug|Any CPU.Build.0 = Debug|Any CPU
		{288F8B36-76B6-413A-8A70-05C423EB408B}.Develop|Any CPU.ActiveCfg = Debug|Any CPU
		{288F8B36-76B6-413A-8A70-05C423EB408B}.Develop|Any CPU.Build.0 = Debug|Any CPU
		{288F8B36-76B6-413A-8A70-05C423EB408B}.Integration|Any CPU.ActiveCfg = Debug|Any CPU
		{288F8B36-76B6-413A-8A70-05C423EB408B}.Integration|Any CPU.Build.0 = Debug|Any CPU
		{288F8B36-76B6-413A-8A70-05C423EB408B}.Release|Any CPU.ActiveCfg = Release|Any CPU
		{288F8B36-76B6-413A-8A70-05C423EB408B}.Release|Any CPU.Build.0 = Release|Any CPU
		{288F8B36-76B6-413A-8A70-05C423EB408B}.Test|Any CPU.ActiveCfg = Debug|Any CPU
		{288F8B36-76B6-413A-8A70-05C423EB408B}.Test|Any CPU.Build.0 = Debug|Any CPU
		{8D3AD5CC-0011-44FA-AEA8-8344B084F9C2}.Debug|Any CPU.ActiveCfg = Debug|Any CPU
		{8D3AD5CC-0011-44FA-AEA8-8344B084F9C2}.Debug|Any CPU.Build.0 = Debug|Any CPU
		{8D3AD5CC-0011-44FA-AEA8-8344B084F9C2}.Develop|Any CPU.ActiveCfg = Debug|Any CPU
		{8D3AD5CC-0011-44FA-AEA8-8344B084F9C2}.Develop|Any CPU.Build.0 = Debug|Any CPU
		{8D3AD5CC-0011-44FA-AEA8-8344B084F9C2}.Integration|Any CPU.ActiveCfg = Debug|Any CPU
		{8D3AD5CC-0011-44FA-AEA8-8344B084F9C2}.Integration|Any CPU.Build.0 = Debug|Any CPU
		{8D3AD5CC-0011-44FA-AEA8-8344B084F9C2}.Release|Any CPU.ActiveCfg = Release|Any CPU
		{8D3AD5CC-0011-44FA-AEA8-8344B084F9C2}.Release|Any CPU.Build.0 = Release|Any CPU
		{8D3AD5CC-0011-44FA-AEA8-8344B084F9C2}.Test|Any CPU.ActiveCfg = Debug|Any CPU
		{8D3AD5CC-0011-44FA-AEA8-8344B084F9C2}.Test|Any CPU.Build.0 = Debug|Any CPU
		{ABDDAB08-9BEB-4540-A179-558C742CB488}.Debug|Any CPU.ActiveCfg = Debug|Any CPU
		{ABDDAB08-9BEB-4540-A179-558C742CB488}.Debug|Any CPU.Build.0 = Debug|Any CPU
		{ABDDAB08-9BEB-4540-A179-558C742CB488}.Develop|Any CPU.ActiveCfg = Debug|Any CPU
		{ABDDAB08-9BEB-4540-A179-558C742CB488}.Develop|Any CPU.Build.0 = Debug|Any CPU
		{ABDDAB08-9BEB-4540-A179-558C742CB488}.Integration|Any CPU.ActiveCfg = Debug|Any CPU
		{ABDDAB08-9BEB-4540-A179-558C742CB488}.Integration|Any CPU.Build.0 = Debug|Any CPU
		{ABDDAB08-9BEB-4540-A179-558C742CB488}.Release|Any CPU.ActiveCfg = Release|Any CPU
		{ABDDAB08-9BEB-4540-A179-558C742CB488}.Release|Any CPU.Build.0 = Release|Any CPU
		{ABDDAB08-9BEB-4540-A179-558C742CB488}.Test|Any CPU.ActiveCfg = Debug|Any CPU
		{ABDDAB08-9BEB-4540-A179-558C742CB488}.Test|Any CPU.Build.0 = Debug|Any CPU
		{81B720F7-46C8-46A8-8DEF-7BEA16AB8D08}.Debug|Any CPU.ActiveCfg = Debug|Any CPU
		{81B720F7-46C8-46A8-8DEF-7BEA16AB8D08}.Debug|Any CPU.Build.0 = Debug|Any CPU
		{81B720F7-46C8-46A8-8DEF-7BEA16AB8D08}.Develop|Any CPU.ActiveCfg = Debug|Any CPU
		{81B720F7-46C8-46A8-8DEF-7BEA16AB8D08}.Develop|Any CPU.Build.0 = Debug|Any CPU
		{81B720F7-46C8-46A8-8DEF-7BEA16AB8D08}.Integration|Any CPU.ActiveCfg = Debug|Any CPU
		{81B720F7-46C8-46A8-8DEF-7BEA16AB8D08}.Integration|Any CPU.Build.0 = Debug|Any CPU
		{81B720F7-46C8-46A8-8DEF-7BEA16AB8D08}.Release|Any CPU.ActiveCfg = Release|Any CPU
		{81B720F7-46C8-46A8-8DEF-7BEA16AB8D08}.Release|Any CPU.Build.0 = Release|Any CPU
		{81B720F7-46C8-46A8-8DEF-7BEA16AB8D08}.Test|Any CPU.ActiveCfg = Debug|Any CPU
		{81B720F7-46C8-46A8-8DEF-7BEA16AB8D08}.Test|Any CPU.Build.0 = Debug|Any CPU
	EndGlobalSection
	GlobalSection(SolutionProperties) = preSolution
		HideSolutionNode = FALSE
	EndGlobalSection
	GlobalSection(NestedProjects) = preSolution
		{55E99FFF-1BCC-423F-B945-931A4F2BF2D3} = {BED16DF1-091A-4EAC-9EC7-A25987933B6C}
		{757ECCC8-D24A-44A4-BC0B-184003B9DAAB} = {9B2E861F-F56E-4BFB-A83C-8A5A71B1047C}
		{27C3D0AE-91E2-4548-A0DD-B5F2E9CFD805} = {9B2E861F-F56E-4BFB-A83C-8A5A71B1047C}
		{BABA3361-BEB6-4381-A870-BF7BD76C477C} = {80C033FF-4952-4E0E-9D80-4931FBA295D8}
		{FE93AC6F-B38F-412F-A2B1-2FBE2800C647} = {BED16DF1-091A-4EAC-9EC7-A25987933B6C}
		{F569D535-EE1B-46EC-9F67-F6A0B76761FA} = {074F5A49-ECAA-45C8-A9DF-26D5DEC119A0}
		{9DB7A34C-CA30-4EC9-91D5-C6E46078E6F1} = {074F5A49-ECAA-45C8-A9DF-26D5DEC119A0}
		{FA9145F2-8C81-498A-9DE0-6D69C98FA8C2} = {BED16DF1-091A-4EAC-9EC7-A25987933B6C}
		{E5D589BB-8233-40FF-96D2-3623133EEB32} = {80C033FF-4952-4E0E-9D80-4931FBA295D8}
		{1429DE44-8DF0-41A6-93A7-8A2B3FD4873F} = {9B2E861F-F56E-4BFB-A83C-8A5A71B1047C}
		{B05E2BD1-7D0B-4293-975A-8827CC192C22} = {80C033FF-4952-4E0E-9D80-4931FBA295D8}
		{EC869D64-75DC-4618-B3A3-CCE9E8E6E3A7} = {BED16DF1-091A-4EAC-9EC7-A25987933B6C}
		{288F8B36-76B6-413A-8A70-05C423EB408B} = {BED16DF1-091A-4EAC-9EC7-A25987933B6C}
		{8D3AD5CC-0011-44FA-AEA8-8344B084F9C2} = {BED16DF1-091A-4EAC-9EC7-A25987933B6C}
		{ABDDAB08-9BEB-4540-A179-558C742CB488} = {BED16DF1-091A-4EAC-9EC7-A25987933B6C}
		{81B720F7-46C8-46A8-8DEF-7BEA16AB8D08} = {8E6A1390-E95D-4589-A3A3-2F109F3C21AF}
	EndGlobalSection
	GlobalSection(ExtensibilityGlobals) = postSolution
		SolutionGuid = {968BED60-C725-42D3-BB5D-08CD0764B614}
	EndGlobalSection
EndGlobal
