
Microsoft Visual Studio Solution File, Format Version 12.00
# Visual Studio 2013
VisualStudioVersion = 12.0.40629.0
MinimumVisualStudioVersion = 10.0.40219.1
Project("{2150E333-8FDC-42A3-9474-1A3956D46DE8}") = ".nuget", ".nuget", "{96FE9B45-B87F-4A98-B666-364C3F1936CC}"
	ProjectSection(SolutionItems) = preProject
		.nuget\NuGet.Config = .nuget\NuGet.Config
		.nuget\NuGet.exe = .nuget\NuGet.exe
		.nuget\NuGet.targets = .nuget\NuGet.targets
	EndProjectSection
EndProject
Project("{2150E333-8FDC-42A3-9474-1A3956D46DE8}") = "05 - Tools", "05 - Tools", "{BED16DF1-091A-4EAC-9EC7-A25987933B6C}"
EndProject
Project("{FAE04EC0-301F-11D3-BF4B-00C04F79EFBC}") = "SD.IdentitySystem.WCFAuthentication.MVC", "tools\SD.IdentitySystem.WCFAuthentication.MVC\SD.IdentitySystem.WCFAuthentication.MVC.csproj", "{FA4CA095-26A0-4E6F-B297-D98115A577D7}"
EndProject
Project("{FAE04EC0-301F-11D3-BF4B-00C04F79EFBC}") = "SD.IdentitySystem.WCFAuthentication.WCF", "tools\SD.IdentitySystem.WCFAuthentication.WCF\SD.IdentitySystem.WCFAuthentication.WCF.csproj", "{55E99FFF-1BCC-423F-B945-931A4F2BF2D3}"
EndProject
Project("{2150E333-8FDC-42A3-9474-1A3956D46DE8}") = "01 - MVC客户端测试", "01 - MVC客户端测试", "{8ACEB5D2-2AB3-4A96-BE77-1D267AD2EA95}"
EndProject
Project("{2150E333-8FDC-42A3-9474-1A3956D46DE8}") = "03 - Windows客户端测试", "03 - Windows客户端测试", "{26F1A01E-E712-4C13-9078-8C23705EC4CF}"
EndProject
Project("{2150E333-8FDC-42A3-9474-1A3956D46DE8}") = "02 - WCF客户端测试", "02 - WCF客户端测试", "{80C033FF-4952-4E0E-9D80-4931FBA295D8}"
EndProject
Project("{2150E333-8FDC-42A3-9474-1A3956D46DE8}") = "04 - Stubs", "04 - Stubs", "{9B2E861F-F56E-4BFB-A83C-8A5A71B1047C}"
EndProject
Project("{FAE04EC0-301F-11D3-BF4B-00C04F79EFBC}") = "SD.IdentitySystem.StubWCFServer", "tests\SD.IdentitySystem.StubWCFServer\SD.IdentitySystem.StubWCFServer.csproj", "{757ECCC8-D24A-44A4-BC0B-184003B9DAAB}"
EndProject
Project("{FAE04EC0-301F-11D3-BF4B-00C04F79EFBC}") = "SD.IdentitySystem.StubWCFClient", "tests\SD.IdentitySystem.StubWCFClient\SD.IdentitySystem.StubWCFClient.csproj", "{27C3D0AE-91E2-4548-A0DD-B5F2E9CFD805}"
EndProject
Project("{FAE04EC0-301F-11D3-BF4B-00C04F79EFBC}") = "SD.IdentitySystem.WindowsTests", "tests\SD.IdentitySystem.WindowsTests\SD.IdentitySystem.WindowsTests.csproj", "{BABA3361-BEB6-4381-A870-BF7BD76C477C}"
EndProject
Project("{FAE04EC0-301F-11D3-BF4B-00C04F79EFBC}") = "SD.IdentitySystem.WCFClientTests", "tests\SD.IdentitySystem.WCFClientTests\SD.IdentitySystem.WCFClientTests.csproj", "{C9297885-9F2A-4722-A993-EBAB6B659878}"
EndProject
Project("{FAE04EC0-301F-11D3-BF4B-00C04F79EFBC}") = "SD.IdentitySystem.MVCTests", "tests\SD.IdentitySystem.MVCTests\SD.IdentitySystem.MVCTests.csproj", "{C6896688-B725-465A-8B5B-83F6549D64EE}"
EndProject
Project("{FAE04EC0-301F-11D3-BF4B-00C04F79EFBC}") = "SD.IdentitySystem.WCFAuthentication.Windows", "tools\SD.IdentitySystem.WCFAuthentication.Windows\SD.IdentitySystem.WCFAuthentication.Windows.csproj", "{FE93AC6F-B38F-412F-A2B1-2FBE2800C647}"
EndProject
Global
	GlobalSection(SolutionConfigurationPlatforms) = preSolution
		Debug|Any CPU = Debug|Any CPU
		Develop|Any CPU = Develop|Any CPU
		Integration|Any CPU = Integration|Any CPU
		Release|Any CPU = Release|Any CPU
		Test|Any CPU = Test|Any CPU
	EndGlobalSection
	GlobalSection(ProjectConfigurationPlatforms) = postSolution
		{FA4CA095-26A0-4E6F-B297-D98115A577D7}.Debug|Any CPU.ActiveCfg = Debug|Any CPU
		{FA4CA095-26A0-4E6F-B297-D98115A577D7}.Debug|Any CPU.Build.0 = Debug|Any CPU
		{FA4CA095-26A0-4E6F-B297-D98115A577D7}.Develop|Any CPU.ActiveCfg = Develop|Any CPU
		{FA4CA095-26A0-4E6F-B297-D98115A577D7}.Develop|Any CPU.Build.0 = Develop|Any CPU
		{FA4CA095-26A0-4E6F-B297-D98115A577D7}.Integration|Any CPU.ActiveCfg = Integration|Any CPU
		{FA4CA095-26A0-4E6F-B297-D98115A577D7}.Integration|Any CPU.Build.0 = Integration|Any CPU
		{FA4CA095-26A0-4E6F-B297-D98115A577D7}.Release|Any CPU.ActiveCfg = Release|Any CPU
		{FA4CA095-26A0-4E6F-B297-D98115A577D7}.Release|Any CPU.Build.0 = Release|Any CPU
		{FA4CA095-26A0-4E6F-B297-D98115A577D7}.Test|Any CPU.ActiveCfg = Test|Any CPU
		{FA4CA095-26A0-4E6F-B297-D98115A577D7}.Test|Any CPU.Build.0 = Test|Any CPU
		{55E99FFF-1BCC-423F-B945-931A4F2BF2D3}.Debug|Any CPU.ActiveCfg = Debug|Any CPU
		{55E99FFF-1BCC-423F-B945-931A4F2BF2D3}.Debug|Any CPU.Build.0 = Debug|Any CPU
		{55E99FFF-1BCC-423F-B945-931A4F2BF2D3}.Develop|Any CPU.ActiveCfg = Develop|Any CPU
		{55E99FFF-1BCC-423F-B945-931A4F2BF2D3}.Develop|Any CPU.Build.0 = Develop|Any CPU
		{55E99FFF-1BCC-423F-B945-931A4F2BF2D3}.Integration|Any CPU.ActiveCfg = Integration|Any CPU
		{55E99FFF-1BCC-423F-B945-931A4F2BF2D3}.Integration|Any CPU.Build.0 = Integration|Any CPU
		{55E99FFF-1BCC-423F-B945-931A4F2BF2D3}.Release|Any CPU.ActiveCfg = Release|Any CPU
		{55E99FFF-1BCC-423F-B945-931A4F2BF2D3}.Release|Any CPU.Build.0 = Release|Any CPU
		{55E99FFF-1BCC-423F-B945-931A4F2BF2D3}.Test|Any CPU.ActiveCfg = Test|Any CPU
		{55E99FFF-1BCC-423F-B945-931A4F2BF2D3}.Test|Any CPU.Build.0 = Test|Any CPU
		{757ECCC8-D24A-44A4-BC0B-184003B9DAAB}.Debug|Any CPU.ActiveCfg = Debug|Any CPU
		{757ECCC8-D24A-44A4-BC0B-184003B9DAAB}.Debug|Any CPU.Build.0 = Debug|Any CPU
		{757ECCC8-D24A-44A4-BC0B-184003B9DAAB}.Develop|Any CPU.ActiveCfg = Develop|Any CPU
		{757ECCC8-D24A-44A4-BC0B-184003B9DAAB}.Develop|Any CPU.Build.0 = Develop|Any CPU
		{757ECCC8-D24A-44A4-BC0B-184003B9DAAB}.Integration|Any CPU.ActiveCfg = Develop|Any CPU
		{757ECCC8-D24A-44A4-BC0B-184003B9DAAB}.Integration|Any CPU.Build.0 = Develop|Any CPU
		{757ECCC8-D24A-44A4-BC0B-184003B9DAAB}.Release|Any CPU.ActiveCfg = Release|Any CPU
		{757ECCC8-D24A-44A4-BC0B-184003B9DAAB}.Release|Any CPU.Build.0 = Release|Any CPU
		{757ECCC8-D24A-44A4-BC0B-184003B9DAAB}.Test|Any CPU.ActiveCfg = Develop|Any CPU
		{757ECCC8-D24A-44A4-BC0B-184003B9DAAB}.Test|Any CPU.Build.0 = Develop|Any CPU
		{27C3D0AE-91E2-4548-A0DD-B5F2E9CFD805}.Debug|Any CPU.ActiveCfg = Debug|Any CPU
		{27C3D0AE-91E2-4548-A0DD-B5F2E9CFD805}.Debug|Any CPU.Build.0 = Debug|Any CPU
		{27C3D0AE-91E2-4548-A0DD-B5F2E9CFD805}.Develop|Any CPU.ActiveCfg = Develop|Any CPU
		{27C3D0AE-91E2-4548-A0DD-B5F2E9CFD805}.Develop|Any CPU.Build.0 = Develop|Any CPU
		{27C3D0AE-91E2-4548-A0DD-B5F2E9CFD805}.Integration|Any CPU.ActiveCfg = Develop|Any CPU
		{27C3D0AE-91E2-4548-A0DD-B5F2E9CFD805}.Integration|Any CPU.Build.0 = Develop|Any CPU
		{27C3D0AE-91E2-4548-A0DD-B5F2E9CFD805}.Release|Any CPU.ActiveCfg = Release|Any CPU
		{27C3D0AE-91E2-4548-A0DD-B5F2E9CFD805}.Release|Any CPU.Build.0 = Release|Any CPU
		{27C3D0AE-91E2-4548-A0DD-B5F2E9CFD805}.Test|Any CPU.ActiveCfg = Develop|Any CPU
		{27C3D0AE-91E2-4548-A0DD-B5F2E9CFD805}.Test|Any CPU.Build.0 = Develop|Any CPU
		{BABA3361-BEB6-4381-A870-BF7BD76C477C}.Debug|Any CPU.ActiveCfg = Debug|Any CPU
		{BABA3361-BEB6-4381-A870-BF7BD76C477C}.Debug|Any CPU.Build.0 = Debug|Any CPU
		{BABA3361-BEB6-4381-A870-BF7BD76C477C}.Develop|Any CPU.ActiveCfg = Develop|Any CPU
		{BABA3361-BEB6-4381-A870-BF7BD76C477C}.Develop|Any CPU.Build.0 = Develop|Any CPU
		{BABA3361-BEB6-4381-A870-BF7BD76C477C}.Integration|Any CPU.ActiveCfg = Develop|Any CPU
		{BABA3361-BEB6-4381-A870-BF7BD76C477C}.Integration|Any CPU.Build.0 = Develop|Any CPU
		{BABA3361-BEB6-4381-A870-BF7BD76C477C}.Release|Any CPU.ActiveCfg = Release|Any CPU
		{BABA3361-BEB6-4381-A870-BF7BD76C477C}.Release|Any CPU.Build.0 = Release|Any CPU
		{BABA3361-BEB6-4381-A870-BF7BD76C477C}.Test|Any CPU.ActiveCfg = Develop|Any CPU
		{BABA3361-BEB6-4381-A870-BF7BD76C477C}.Test|Any CPU.Build.0 = Develop|Any CPU
		{C9297885-9F2A-4722-A993-EBAB6B659878}.Debug|Any CPU.ActiveCfg = Debug|Any CPU
		{C9297885-9F2A-4722-A993-EBAB6B659878}.Debug|Any CPU.Build.0 = Debug|Any CPU
		{C9297885-9F2A-4722-A993-EBAB6B659878}.Develop|Any CPU.ActiveCfg = Develop|Any CPU
		{C9297885-9F2A-4722-A993-EBAB6B659878}.Develop|Any CPU.Build.0 = Develop|Any CPU
		{C9297885-9F2A-4722-A993-EBAB6B659878}.Integration|Any CPU.ActiveCfg = Develop|Any CPU
		{C9297885-9F2A-4722-A993-EBAB6B659878}.Integration|Any CPU.Build.0 = Develop|Any CPU
		{C9297885-9F2A-4722-A993-EBAB6B659878}.Release|Any CPU.ActiveCfg = Release|Any CPU
		{C9297885-9F2A-4722-A993-EBAB6B659878}.Release|Any CPU.Build.0 = Release|Any CPU
		{C9297885-9F2A-4722-A993-EBAB6B659878}.Test|Any CPU.ActiveCfg = Develop|Any CPU
		{C9297885-9F2A-4722-A993-EBAB6B659878}.Test|Any CPU.Build.0 = Develop|Any CPU
		{C6896688-B725-465A-8B5B-83F6549D64EE}.Debug|Any CPU.ActiveCfg = Debug|Any CPU
		{C6896688-B725-465A-8B5B-83F6549D64EE}.Debug|Any CPU.Build.0 = Debug|Any CPU
		{C6896688-B725-465A-8B5B-83F6549D64EE}.Develop|Any CPU.ActiveCfg = Develop|Any CPU
		{C6896688-B725-465A-8B5B-83F6549D64EE}.Develop|Any CPU.Build.0 = Develop|Any CPU
		{C6896688-B725-465A-8B5B-83F6549D64EE}.Integration|Any CPU.ActiveCfg = Develop|Any CPU
		{C6896688-B725-465A-8B5B-83F6549D64EE}.Integration|Any CPU.Build.0 = Develop|Any CPU
		{C6896688-B725-465A-8B5B-83F6549D64EE}.Release|Any CPU.ActiveCfg = Release|Any CPU
		{C6896688-B725-465A-8B5B-83F6549D64EE}.Release|Any CPU.Build.0 = Release|Any CPU
		{C6896688-B725-465A-8B5B-83F6549D64EE}.Test|Any CPU.ActiveCfg = Develop|Any CPU
		{C6896688-B725-465A-8B5B-83F6549D64EE}.Test|Any CPU.Build.0 = Develop|Any CPU
		{FE93AC6F-B38F-412F-A2B1-2FBE2800C647}.Debug|Any CPU.ActiveCfg = Debug|Any CPU
		{FE93AC6F-B38F-412F-A2B1-2FBE2800C647}.Debug|Any CPU.Build.0 = Debug|Any CPU
		{FE93AC6F-B38F-412F-A2B1-2FBE2800C647}.Develop|Any CPU.ActiveCfg = Develop|Any CPU
		{FE93AC6F-B38F-412F-A2B1-2FBE2800C647}.Develop|Any CPU.Build.0 = Develop|Any CPU
		{FE93AC6F-B38F-412F-A2B1-2FBE2800C647}.Integration|Any CPU.ActiveCfg = Integration|Any CPU
		{FE93AC6F-B38F-412F-A2B1-2FBE2800C647}.Integration|Any CPU.Build.0 = Integration|Any CPU
		{FE93AC6F-B38F-412F-A2B1-2FBE2800C647}.Release|Any CPU.ActiveCfg = Release|Any CPU
		{FE93AC6F-B38F-412F-A2B1-2FBE2800C647}.Release|Any CPU.Build.0 = Release|Any CPU
		{FE93AC6F-B38F-412F-A2B1-2FBE2800C647}.Test|Any CPU.ActiveCfg = Test|Any CPU
		{FE93AC6F-B38F-412F-A2B1-2FBE2800C647}.Test|Any CPU.Build.0 = Test|Any CPU
	EndGlobalSection
	GlobalSection(SolutionProperties) = preSolution
		HideSolutionNode = FALSE
	EndGlobalSection
	GlobalSection(NestedProjects) = preSolution
		{FA4CA095-26A0-4E6F-B297-D98115A577D7} = {BED16DF1-091A-4EAC-9EC7-A25987933B6C}
		{55E99FFF-1BCC-423F-B945-931A4F2BF2D3} = {BED16DF1-091A-4EAC-9EC7-A25987933B6C}
		{757ECCC8-D24A-44A4-BC0B-184003B9DAAB} = {9B2E861F-F56E-4BFB-A83C-8A5A71B1047C}
		{27C3D0AE-91E2-4548-A0DD-B5F2E9CFD805} = {9B2E861F-F56E-4BFB-A83C-8A5A71B1047C}
		{BABA3361-BEB6-4381-A870-BF7BD76C477C} = {26F1A01E-E712-4C13-9078-8C23705EC4CF}
		{C9297885-9F2A-4722-A993-EBAB6B659878} = {80C033FF-4952-4E0E-9D80-4931FBA295D8}
		{C6896688-B725-465A-8B5B-83F6549D64EE} = {8ACEB5D2-2AB3-4A96-BE77-1D267AD2EA95}
		{FE93AC6F-B38F-412F-A2B1-2FBE2800C647} = {BED16DF1-091A-4EAC-9EC7-A25987933B6C}
	EndGlobalSection
EndGlobal
