
Microsoft Visual Studio Solution File, Format Version 12.00
# Visual Studio Version 16
VisualStudioVersion = 16.0.31205.134
MinimumVisualStudioVersion = 10.0.40219.1
Project("{FAE04EC0-301F-11D3-BF4B-00C04F79EFBC}") = "SD.Infrastructure.WPF", "Windows\SD.Infrastructure.WPF\SD.Infrastructure.WPF.csproj", "{8593D205-377A-48ED-834E-F1FABBD88C00}"
EndProject
Project("{FAE04EC0-301F-11D3-BF4B-00C04F79EFBC}") = "SD.IdentitySystem.Client", "Windows\SD.IdentitySystem.Client\SD.IdentitySystem.Client.csproj", "{F3F378A5-571F-4207-A9AA-E17E7BF3BEAD}"
EndProject
Project("{FAE04EC0-301F-11D3-BF4B-00C04F79EFBC}") = "SD.IdentitySystem.IPresentation", "Windows\SD.IdentitySystem.IPresentation\SD.IdentitySystem.IPresentation.csproj", "{E252094F-979A-4655-B864-E600C33AB75D}"
EndProject
Project("{FAE04EC0-301F-11D3-BF4B-00C04F79EFBC}") = "SD.IdentitySystem.Presentation", "Windows\SD.IdentitySystem.Presentation\SD.IdentitySystem.Presentation.csproj", "{3F6E50BA-8E37-4730-9C2E-0D9483A026D8}"
EndProject
Global
	GlobalSection(SolutionConfigurationPlatforms) = preSolution
		Debug|Any CPU = Debug|Any CPU
		Release|Any CPU = Release|Any CPU
	EndGlobalSection
	GlobalSection(ProjectConfigurationPlatforms) = postSolution
		{8593D205-377A-48ED-834E-F1FABBD88C00}.Debug|Any CPU.ActiveCfg = Debug|Any CPU
		{8593D205-377A-48ED-834E-F1FABBD88C00}.Debug|Any CPU.Build.0 = Debug|Any CPU
		{8593D205-377A-48ED-834E-F1FABBD88C00}.Release|Any CPU.ActiveCfg = Release|Any CPU
		{8593D205-377A-48ED-834E-F1FABBD88C00}.Release|Any CPU.Build.0 = Release|Any CPU
		{F3F378A5-571F-4207-A9AA-E17E7BF3BEAD}.Debug|Any CPU.ActiveCfg = Debug|Any CPU
		{F3F378A5-571F-4207-A9AA-E17E7BF3BEAD}.Debug|Any CPU.Build.0 = Debug|Any CPU
		{F3F378A5-571F-4207-A9AA-E17E7BF3BEAD}.Release|Any CPU.ActiveCfg = Release|Any CPU
		{F3F378A5-571F-4207-A9AA-E17E7BF3BEAD}.Release|Any CPU.Build.0 = Release|Any CPU
		{E252094F-979A-4655-B864-E600C33AB75D}.Debug|Any CPU.ActiveCfg = Debug|Any CPU
		{E252094F-979A-4655-B864-E600C33AB75D}.Debug|Any CPU.Build.0 = Debug|Any CPU
		{E252094F-979A-4655-B864-E600C33AB75D}.Release|Any CPU.ActiveCfg = Release|Any CPU
		{E252094F-979A-4655-B864-E600C33AB75D}.Release|Any CPU.Build.0 = Release|Any CPU
		{3F6E50BA-8E37-4730-9C2E-0D9483A026D8}.Debug|Any CPU.ActiveCfg = Debug|Any CPU
		{3F6E50BA-8E37-4730-9C2E-0D9483A026D8}.Debug|Any CPU.Build.0 = Debug|Any CPU
		{3F6E50BA-8E37-4730-9C2E-0D9483A026D8}.Release|Any CPU.ActiveCfg = Release|Any CPU
		{3F6E50BA-8E37-4730-9C2E-0D9483A026D8}.Release|Any CPU.Build.0 = Release|Any CPU
	EndGlobalSection
	GlobalSection(SolutionProperties) = preSolution
		HideSolutionNode = FALSE
	EndGlobalSection
	GlobalSection(ExtensibilityGlobals) = postSolution
		SolutionGuid = {99754CF5-FE59-4FB8-98BA-EFFF19B2E32E}
	EndGlobalSection
EndGlobal
