<Solution>
  <Folder Name="/00 - Global/">
    <File Path="Directory.Build.props" />
    <File Path="Directory.Build.targets" />
  </Folder>
  <Project Path="webs/SD.IdentitySystem.Client/SD.IdentitySystem.Client.csproj" />
  <Project Path="webs/SD.IdentitySystem.Presentation/SD.IdentitySystem.Presentation.csproj" />
</Solution>
