
Microsoft Visual Studio Solution File, Format Version 12.00
# Visual Studio Version 16
VisualStudioVersion = 16.0.32002.261
MinimumVisualStudioVersion = 10.0.40219.1
Project("{2150E333-8FDC-42A3-9474-1A3956D46DE8}") = "00 - Hosts", "00 - Hosts", "{2955792A-9A23-48FE-ACCF-DFB486A02F94}"
EndProject
Project("{FAE04EC0-301F-11D3-BF4B-00C04F79EFBC}") = "SD.IdentitySystem.Mobile.Host(Android)", "Mobiles\SD.IdentitySystem.Mobile.Host(Android)\SD.IdentitySystem.Mobile.Host(Android).csproj", "{979962F1-0FAF-494D-A14B-543075C4FD09}"
EndProject
Project("{2150E333-8FDC-42A3-9474-1A3956D46DE8}") = "01 - 用户界面", "01 - 用户界面", "{AC5FE21E-3D88-4551-86CB-3CDC1783FB43}"
EndProject
Project("{FAE04EC0-301F-11D3-BF4B-00C04F79EFBC}") = "SD.IdentitySystem.Mobile", "Mobiles\SD.IdentitySystem.Mobile\SD.IdentitySystem.Mobile.csproj", "{9178B811-42FE-441E-B2C8-780200887112}"
EndProject
Project("{FAE04EC0-301F-11D3-BF4B-00C04F79EFBC}") = "SD.IdentitySystem.Presentation", "Mobiles\SD.IdentitySystem.Presentation\SD.IdentitySystem.Presentation.csproj", "{1A840011-04B5-4867-BF00-B4A9425051CE}"
EndProject
Global
	GlobalSection(SolutionConfigurationPlatforms) = preSolution
		Debug|Any CPU = Debug|Any CPU
		Release|Any CPU = Release|Any CPU
	EndGlobalSection
	GlobalSection(ProjectConfigurationPlatforms) = postSolution
		{979962F1-0FAF-494D-A14B-543075C4FD09}.Debug|Any CPU.ActiveCfg = Debug|Any CPU
		{979962F1-0FAF-494D-A14B-543075C4FD09}.Debug|Any CPU.Build.0 = Debug|Any CPU
		{979962F1-0FAF-494D-A14B-543075C4FD09}.Debug|Any CPU.Deploy.0 = Debug|Any CPU
		{979962F1-0FAF-494D-A14B-543075C4FD09}.Release|Any CPU.ActiveCfg = Release|Any CPU
		{979962F1-0FAF-494D-A14B-543075C4FD09}.Release|Any CPU.Build.0 = Release|Any CPU
		{979962F1-0FAF-494D-A14B-543075C4FD09}.Release|Any CPU.Deploy.0 = Release|Any CPU
		{0B2F08AA-BCA8-4811-A05E-3C1BAACE7136}.Debug|Any CPU.ActiveCfg = Debug|Any CPU
		{0B2F08AA-BCA8-4811-A05E-3C1BAACE7136}.Debug|Any CPU.Build.0 = Debug|Any CPU
		{0B2F08AA-BCA8-4811-A05E-3C1BAACE7136}.Release|Any CPU.ActiveCfg = Release|Any CPU
		{0B2F08AA-BCA8-4811-A05E-3C1BAACE7136}.Release|Any CPU.Build.0 = Release|Any CPU
		{9178B811-42FE-441E-B2C8-780200887112}.Debug|Any CPU.ActiveCfg = Debug|Any CPU
		{9178B811-42FE-441E-B2C8-780200887112}.Debug|Any CPU.Build.0 = Debug|Any CPU
		{9178B811-42FE-441E-B2C8-780200887112}.Release|Any CPU.ActiveCfg = Release|Any CPU
		{9178B811-42FE-441E-B2C8-780200887112}.Release|Any CPU.Build.0 = Release|Any CPU
		{1A840011-04B5-4867-BF00-B4A9425051CE}.Debug|Any CPU.ActiveCfg = Debug|Any CPU
		{1A840011-04B5-4867-BF00-B4A9425051CE}.Debug|Any CPU.Build.0 = Debug|Any CPU
		{1A840011-04B5-4867-BF00-B4A9425051CE}.Release|Any CPU.ActiveCfg = Release|Any CPU
		{1A840011-04B5-4867-BF00-B4A9425051CE}.Release|Any CPU.Build.0 = Release|Any CPU
		{68DA3891-DE4E-411B-8D8F-6F0871A0A2F7}.Debug|Any CPU.ActiveCfg = Debug|Any CPU
		{68DA3891-DE4E-411B-8D8F-6F0871A0A2F7}.Debug|Any CPU.Build.0 = Debug|Any CPU
		{68DA3891-DE4E-411B-8D8F-6F0871A0A2F7}.Release|Any CPU.ActiveCfg = Release|Any CPU
		{68DA3891-DE4E-411B-8D8F-6F0871A0A2F7}.Release|Any CPU.Build.0 = Release|Any CPU
		{20E3F254-4581-4136-BE7A-2445C0842207}.Debug|Any CPU.ActiveCfg = Debug|Any CPU
		{20E3F254-4581-4136-BE7A-2445C0842207}.Debug|Any CPU.Build.0 = Debug|Any CPU
		{20E3F254-4581-4136-BE7A-2445C0842207}.Release|Any CPU.ActiveCfg = Release|Any CPU
		{20E3F254-4581-4136-BE7A-2445C0842207}.Release|Any CPU.Build.0 = Release|Any CPU
	EndGlobalSection
	GlobalSection(SolutionProperties) = preSolution
		HideSolutionNode = FALSE
	EndGlobalSection
	GlobalSection(NestedProjects) = preSolution
		{979962F1-0FAF-494D-A14B-543075C4FD09} = {2955792A-9A23-48FE-ACCF-DFB486A02F94}
		{0B2F08AA-BCA8-4811-A05E-3C1BAACE7136} = {2955792A-9A23-48FE-ACCF-DFB486A02F94}
		{9178B811-42FE-441E-B2C8-780200887112} = {AC5FE21E-3D88-4551-86CB-3CDC1783FB43}
		{1A840011-04B5-4867-BF00-B4A9425051CE} = {AC5FE21E-3D88-4551-86CB-3CDC1783FB43}
		{68DA3891-DE4E-411B-8D8F-6F0871A0A2F7} = {FD889535-1CAB-4A2C-8E87-1A868CB87066}
		{20E3F254-4581-4136-BE7A-2445C0842207} = {9CD7840C-B3E7-4A12-A734-30763E78DE48}
	EndGlobalSection
	GlobalSection(ExtensibilityGlobals) = postSolution
		SolutionGuid = {B75859CA-9982-41D1-BE1C-804A84D704B1}
	EndGlobalSection
EndGlobal
