
Microsoft Visual Studio Solution File, Format Version 12.00
# Visual Studio Version 16
VisualStudioVersion = 16.0.31205.134
MinimumVisualStudioVersion = 10.0.40219.1
Project("{9A19103F-16F7-4668-BE54-9A1E7A4F7556}") = "SD.IdentitySystem.UpdateService(Owin)", "Windows\SD.IdentitySystem.UpdateService(Owin)\SD.IdentitySystem.UpdateService(Owin).csproj", "{416085E4-0DE8-45B7-862F-20C2586EE964}"
EndProject
Project("{9A19103F-16F7-4668-BE54-9A1E7A4F7556}") = "SD.IdentitySystem.UpdateService(Core)", "Windows\SD.IdentitySystem.UpdateService(Core)\SD.IdentitySystem.UpdateService(Core).csproj", "{DF0F3D00-DE96-4594-A94A-5AE5DDF44D82}"
EndProject
Global
	GlobalSection(SolutionConfigurationPlatforms) = preSolution
		Debug|Any CPU = Debug|Any CPU
		Release|Any CPU = Release|Any CPU
	EndGlobalSection
	GlobalSection(ProjectConfigurationPlatforms) = postSolution
		{416085E4-0DE8-45B7-862F-20C2586EE964}.Debug|Any CPU.ActiveCfg = Debug|Any CPU
		{416085E4-0DE8-45B7-862F-20C2586EE964}.Debug|Any CPU.Build.0 = Debug|Any CPU
		{416085E4-0DE8-45B7-862F-20C2586EE964}.Release|Any CPU.ActiveCfg = Release|Any CPU
		{416085E4-0DE8-45B7-862F-20C2586EE964}.Release|Any CPU.Build.0 = Release|Any CPU
		{DF0F3D00-DE96-4594-A94A-5AE5DDF44D82}.Debug|Any CPU.ActiveCfg = Debug|Any CPU
		{DF0F3D00-DE96-4594-A94A-5AE5DDF44D82}.Debug|Any CPU.Build.0 = Debug|Any CPU
		{DF0F3D00-DE96-4594-A94A-5AE5DDF44D82}.Release|Any CPU.ActiveCfg = Release|Any CPU
		{DF0F3D00-DE96-4594-A94A-5AE5DDF44D82}.Release|Any CPU.Build.0 = Release|Any CPU
	EndGlobalSection
	GlobalSection(SolutionProperties) = preSolution
		HideSolutionNode = FALSE
	EndGlobalSection
	GlobalSection(ExtensibilityGlobals) = postSolution
		SolutionGuid = {99754CF5-FE59-4FB8-98BA-EFFF19B2E32E}
	EndGlobalSection
EndGlobal
