
Microsoft Visual Studio Solution File, Format Version 12.00
# Visual Studio 15
VisualStudioVersion = 15.0.27428.2037
MinimumVisualStudioVersion = 10.0.40219.1
Project("{2150E333-8FDC-42A3-9474-1A3956D46DE8}") = "01 - 应用程序服务", "01 - 应用程序服务", "{6F925C59-1BA0-4E0F-B61D-4F573A08C64B}"
EndProject
Project("{2150E333-8FDC-42A3-9474-1A3956D46DE8}") = "02 - 领域核心", "02 - 领域核心", "{4E46AC96-3000-4185-81F3-18D7FFE5CF82}"
EndProject
Project("{2150E333-8FDC-42A3-9474-1A3956D46DE8}") = "03 - 领域服务实现", "03 - 领域服务实现", "{499F2B7C-CBDA-42BC-932C-C252D5335375}"
EndProject
Project("{2150E333-8FDC-42A3-9474-1A3956D46DE8}") = "04 - 领域事件处理者", "04 - 领域事件处理者", "{E1405A60-894A-48A4-996A-DC23F5487281}"
EndProject
Project("{2150E333-8FDC-42A3-9474-1A3956D46DE8}") = "05 - 仓储实现", "05 - 仓储实现", "{736BB2F7-0FF7-4CAD-9713-BB82C3EDF7D1}"
EndProject
Project("{FAE04EC0-301F-11D3-BF4B-00C04F79EFBC}") = "SD.IdentitySystem.Domain", "service\SD.IdentitySystem.Domain\SD.IdentitySystem.Domain.csproj", "{20443D88-D509-43C6-942C-0CE1923BC91E}"
EndProject
Project("{FAE04EC0-301F-11D3-BF4B-00C04F79EFBC}") = "SD.IdentitySystem.DomainService", "service\SD.IdentitySystem.DomainService\SD.IdentitySystem.DomainService.csproj", "{21AB46C4-2C9B-4D96-AB4F-437AC2F662E6}"
EndProject
Project("{FAE04EC0-301F-11D3-BF4B-00C04F79EFBC}") = "SD.IdentitySystem.DomainEventHandler", "service\SD.IdentitySystem.DomainEventHandler\SD.IdentitySystem.DomainEventHandler.csproj", "{DE59EC3B-2E0C-41E4-B0F2-F4530E650E1D}"
EndProject
Project("{FAE04EC0-301F-11D3-BF4B-00C04F79EFBC}") = "SD.IdentitySystem.Repository", "service\SD.IdentitySystem.Repository\SD.IdentitySystem.Repository.csproj", "{33F75AC9-F2CC-4117-A04D-E701EF897924}"
EndProject
Project("{FAE04EC0-301F-11D3-BF4B-00C04F79EFBC}") = "SD.IdentitySystem.IAppService", "service\SD.IdentitySystem.IAppService\SD.IdentitySystem.IAppService.csproj", "{52BF9A76-1B01-4C29-8067-E6F1C88896FD}"
EndProject
Project("{FAE04EC0-301F-11D3-BF4B-00C04F79EFBC}") = "SD.IdentitySystem.IAppService.NET45", "service\SD.IdentitySystem.IAppService.NET45\SD.IdentitySystem.IAppService.NET45.csproj", "{C90BB590-ED19-4451-B9FB-30415BEC1958}"
EndProject
Project("{9A19103F-16F7-4668-BE54-9A1E7A4F7556}") = "SD.IdentitySystem.IAppService.Standard20", "service\SD.IdentitySystem.IAppService.Standard20\SD.IdentitySystem.IAppService.Standard20.csproj", "{68D5F8E6-B6F3-4E71-B069-C970E26BD49A}"
EndProject
Project("{2150E333-8FDC-42A3-9474-1A3956D46DE8}") = "00 - Host", "00 - Host", "{08AC5539-024B-4EB6-A9A8-625BFE3671A7}"
EndProject
Project("{FAE04EC0-301F-11D3-BF4B-00C04F79EFBC}") = "SD.IdentitySystem.AppService", "service\SD.IdentitySystem.AppService\SD.IdentitySystem.AppService.csproj", "{E85A09EB-4F34-4B0A-A033-7F9D764EDBB8}"
EndProject
Project("{FAE04EC0-301F-11D3-BF4B-00C04F79EFBC}") = "SD.IdentitySystem.WebHost", "service\SD.IdentitySystem.WebHost\SD.IdentitySystem.WebHost.csproj", "{76B33ADD-3ED7-4CDC-A9B5-6352203E951E}"
EndProject
Project("{FAE04EC0-301F-11D3-BF4B-00C04F79EFBC}") = "SD.IdentitySystem.WindowsHost", "service\SD.IdentitySystem.WindowsHost\SD.IdentitySystem.WindowsHost.csproj", "{96B38C17-6A74-4809-BD4C-8855E0A5A8CA}"
EndProject
Global
	GlobalSection(SolutionConfigurationPlatforms) = preSolution
		Debug|Any CPU = Debug|Any CPU
		Release|Any CPU = Release|Any CPU
	EndGlobalSection
	GlobalSection(ProjectConfigurationPlatforms) = postSolution
		{20443D88-D509-43C6-942C-0CE1923BC91E}.Debug|Any CPU.ActiveCfg = Debug|Any CPU
		{20443D88-D509-43C6-942C-0CE1923BC91E}.Debug|Any CPU.Build.0 = Debug|Any CPU
		{20443D88-D509-43C6-942C-0CE1923BC91E}.Release|Any CPU.ActiveCfg = Release|Any CPU
		{20443D88-D509-43C6-942C-0CE1923BC91E}.Release|Any CPU.Build.0 = Release|Any CPU
		{21AB46C4-2C9B-4D96-AB4F-437AC2F662E6}.Debug|Any CPU.ActiveCfg = Debug|Any CPU
		{21AB46C4-2C9B-4D96-AB4F-437AC2F662E6}.Debug|Any CPU.Build.0 = Debug|Any CPU
		{21AB46C4-2C9B-4D96-AB4F-437AC2F662E6}.Release|Any CPU.ActiveCfg = Release|Any CPU
		{21AB46C4-2C9B-4D96-AB4F-437AC2F662E6}.Release|Any CPU.Build.0 = Release|Any CPU
		{DE59EC3B-2E0C-41E4-B0F2-F4530E650E1D}.Debug|Any CPU.ActiveCfg = Debug|Any CPU
		{DE59EC3B-2E0C-41E4-B0F2-F4530E650E1D}.Debug|Any CPU.Build.0 = Debug|Any CPU
		{DE59EC3B-2E0C-41E4-B0F2-F4530E650E1D}.Release|Any CPU.ActiveCfg = Release|Any CPU
		{DE59EC3B-2E0C-41E4-B0F2-F4530E650E1D}.Release|Any CPU.Build.0 = Release|Any CPU
		{33F75AC9-F2CC-4117-A04D-E701EF897924}.Debug|Any CPU.ActiveCfg = Debug|Any CPU
		{33F75AC9-F2CC-4117-A04D-E701EF897924}.Debug|Any CPU.Build.0 = Debug|Any CPU
		{33F75AC9-F2CC-4117-A04D-E701EF897924}.Release|Any CPU.ActiveCfg = Release|Any CPU
		{33F75AC9-F2CC-4117-A04D-E701EF897924}.Release|Any CPU.Build.0 = Release|Any CPU
		{52BF9A76-1B01-4C29-8067-E6F1C88896FD}.Debug|Any CPU.ActiveCfg = Debug|Any CPU
		{52BF9A76-1B01-4C29-8067-E6F1C88896FD}.Debug|Any CPU.Build.0 = Debug|Any CPU
		{52BF9A76-1B01-4C29-8067-E6F1C88896FD}.Release|Any CPU.ActiveCfg = Release|Any CPU
		{52BF9A76-1B01-4C29-8067-E6F1C88896FD}.Release|Any CPU.Build.0 = Release|Any CPU
		{C90BB590-ED19-4451-B9FB-30415BEC1958}.Debug|Any CPU.ActiveCfg = Debug|Any CPU
		{C90BB590-ED19-4451-B9FB-30415BEC1958}.Debug|Any CPU.Build.0 = Debug|Any CPU
		{C90BB590-ED19-4451-B9FB-30415BEC1958}.Release|Any CPU.ActiveCfg = Release|Any CPU
		{C90BB590-ED19-4451-B9FB-30415BEC1958}.Release|Any CPU.Build.0 = Release|Any CPU
		{68D5F8E6-B6F3-4E71-B069-C970E26BD49A}.Debug|Any CPU.ActiveCfg = Debug|Any CPU
		{68D5F8E6-B6F3-4E71-B069-C970E26BD49A}.Debug|Any CPU.Build.0 = Debug|Any CPU
		{68D5F8E6-B6F3-4E71-B069-C970E26BD49A}.Release|Any CPU.ActiveCfg = Release|Any CPU
		{68D5F8E6-B6F3-4E71-B069-C970E26BD49A}.Release|Any CPU.Build.0 = Release|Any CPU
		{E85A09EB-4F34-4B0A-A033-7F9D764EDBB8}.Debug|Any CPU.ActiveCfg = Debug|Any CPU
		{E85A09EB-4F34-4B0A-A033-7F9D764EDBB8}.Debug|Any CPU.Build.0 = Debug|Any CPU
		{E85A09EB-4F34-4B0A-A033-7F9D764EDBB8}.Release|Any CPU.ActiveCfg = Release|Any CPU
		{E85A09EB-4F34-4B0A-A033-7F9D764EDBB8}.Release|Any CPU.Build.0 = Release|Any CPU
		{76B33ADD-3ED7-4CDC-A9B5-6352203E951E}.Debug|Any CPU.ActiveCfg = Debug|Any CPU
		{76B33ADD-3ED7-4CDC-A9B5-6352203E951E}.Debug|Any CPU.Build.0 = Debug|Any CPU
		{76B33ADD-3ED7-4CDC-A9B5-6352203E951E}.Release|Any CPU.ActiveCfg = Release|Any CPU
		{76B33ADD-3ED7-4CDC-A9B5-6352203E951E}.Release|Any CPU.Build.0 = Release|Any CPU
		{96B38C17-6A74-4809-BD4C-8855E0A5A8CA}.Debug|Any CPU.ActiveCfg = Debug|Any CPU
		{96B38C17-6A74-4809-BD4C-8855E0A5A8CA}.Debug|Any CPU.Build.0 = Debug|Any CPU
		{96B38C17-6A74-4809-BD4C-8855E0A5A8CA}.Release|Any CPU.ActiveCfg = Release|Any CPU
		{96B38C17-6A74-4809-BD4C-8855E0A5A8CA}.Release|Any CPU.Build.0 = Release|Any CPU
	EndGlobalSection
	GlobalSection(SolutionProperties) = preSolution
		HideSolutionNode = FALSE
	EndGlobalSection
	GlobalSection(NestedProjects) = preSolution
		{20443D88-D509-43C6-942C-0CE1923BC91E} = {4E46AC96-3000-4185-81F3-18D7FFE5CF82}
		{21AB46C4-2C9B-4D96-AB4F-437AC2F662E6} = {499F2B7C-CBDA-42BC-932C-C252D5335375}
		{DE59EC3B-2E0C-41E4-B0F2-F4530E650E1D} = {E1405A60-894A-48A4-996A-DC23F5487281}
		{33F75AC9-F2CC-4117-A04D-E701EF897924} = {736BB2F7-0FF7-4CAD-9713-BB82C3EDF7D1}
		{52BF9A76-1B01-4C29-8067-E6F1C88896FD} = {6F925C59-1BA0-4E0F-B61D-4F573A08C64B}
		{C90BB590-ED19-4451-B9FB-30415BEC1958} = {6F925C59-1BA0-4E0F-B61D-4F573A08C64B}
		{68D5F8E6-B6F3-4E71-B069-C970E26BD49A} = {6F925C59-1BA0-4E0F-B61D-4F573A08C64B}
		{E85A09EB-4F34-4B0A-A033-7F9D764EDBB8} = {6F925C59-1BA0-4E0F-B61D-4F573A08C64B}
		{76B33ADD-3ED7-4CDC-A9B5-6352203E951E} = {08AC5539-024B-4EB6-A9A8-625BFE3671A7}
		{96B38C17-6A74-4809-BD4C-8855E0A5A8CA} = {08AC5539-024B-4EB6-A9A8-625BFE3671A7}
	EndGlobalSection
	GlobalSection(ExtensibilityGlobals) = postSolution
		SolutionGuid = {9428DB86-89E0-425E-9C5A-836EC410CD83}
	EndGlobalSection
EndGlobal
