
Microsoft Visual Studio Solution File, Format Version 12.00
# Visual Studio Version 17
VisualStudioVersion = 17.12.35521.163 d17.12
MinimumVisualStudioVersion = 10.0.40219.1
Project("{9A19103F-16F7-4668-BE54-9A1E7A4F7556}") = "SD.IdentitySystem.Presentation", "Windows\SD.IdentitySystem.Presentation\SD.IdentitySystem.Presentation.csproj", "{8A79FCBD-0E78-40AA-989A-329504D878C4}"
EndProject
Project("{9A19103F-16F7-4668-BE54-9A1E7A4F7556}") = "SD.IdentitySystem.Client", "Windows\SD.IdentitySystem.Client\SD.IdentitySystem.Client.csproj", "{3FACDD54-86B8-4954-8AB8-950A10EB2BF4}"
EndProject
Project("{FAE04EC0-301F-11D3-BF4B-00C04F79EFBC}") = "SD.IdentitySystem.Client(gRPC)", "Windows\SD.IdentitySystem.Client(gRPC)\SD.IdentitySystem.Client(gRPC).csproj", "{3E34B8B3-66E6-437D-A917-9CC1D9CB9ECE}"
EndProject
Global
	GlobalSection(SolutionConfigurationPlatforms) = preSolution
		Debug|Any CPU = Debug|Any CPU
		Release|Any CPU = Release|Any CPU
	EndGlobalSection
	GlobalSection(ProjectConfigurationPlatforms) = postSolution
		{8A79FCBD-0E78-40AA-989A-329504D878C4}.Debug|Any CPU.ActiveCfg = Debug|Any CPU
		{8A79FCBD-0E78-40AA-989A-329504D878C4}.Debug|Any CPU.Build.0 = Debug|Any CPU
		{8A79FCBD-0E78-40AA-989A-329504D878C4}.Release|Any CPU.ActiveCfg = Release|Any CPU
		{8A79FCBD-0E78-40AA-989A-329504D878C4}.Release|Any CPU.Build.0 = Release|Any CPU
		{3FACDD54-86B8-4954-8AB8-950A10EB2BF4}.Debug|Any CPU.ActiveCfg = Debug|Any CPU
		{3FACDD54-86B8-4954-8AB8-950A10EB2BF4}.Debug|Any CPU.Build.0 = Debug|Any CPU
		{3FACDD54-86B8-4954-8AB8-950A10EB2BF4}.Release|Any CPU.ActiveCfg = Release|Any CPU
		{3FACDD54-86B8-4954-8AB8-950A10EB2BF4}.Release|Any CPU.Build.0 = Release|Any CPU
		{3E34B8B3-66E6-437D-A917-9CC1D9CB9ECE}.Debug|Any CPU.ActiveCfg = Debug|Any CPU
		{3E34B8B3-66E6-437D-A917-9CC1D9CB9ECE}.Debug|Any CPU.Build.0 = Debug|Any CPU
		{3E34B8B3-66E6-437D-A917-9CC1D9CB9ECE}.Release|Any CPU.ActiveCfg = Release|Any CPU
		{3E34B8B3-66E6-437D-A917-9CC1D9CB9ECE}.Release|Any CPU.Build.0 = Release|Any CPU
	EndGlobalSection
	GlobalSection(SolutionProperties) = preSolution
		HideSolutionNode = FALSE
	EndGlobalSection
	GlobalSection(ExtensibilityGlobals) = postSolution
		SolutionGuid = {99754CF5-FE59-4FB8-98BA-EFFF19B2E32E}
	EndGlobalSection
EndGlobal
