
Microsoft Visual Studio Solution File, Format Version 12.00
# Visual Studio 2013
VisualStudioVersion = 12.0.40629.0
MinimumVisualStudioVersion = 10.0.40219.1
Project("{2150E333-8FDC-42A3-9474-1A3956D46DE8}") = "01 - 应用程序服务", "01 - 应用程序服务", "{6F925C59-1BA0-4E0F-B61D-4F573A08C64B}"
EndProject
Project("{2150E333-8FDC-42A3-9474-1A3956D46DE8}") = "02 - 领域核心", "02 - 领域核心", "{4E46AC96-3000-4185-81F3-18D7FFE5CF82}"
EndProject
Project("{2150E333-8FDC-42A3-9474-1A3956D46DE8}") = "03 - 领域服务实现", "03 - 领域服务实现", "{499F2B7C-CBDA-42BC-932C-C252D5335375}"
EndProject
Project("{2150E333-8FDC-42A3-9474-1A3956D46DE8}") = "04 - 领域事件", "04 - 领域事件", "{E1405A60-894A-48A4-996A-DC23F5487281}"
EndProject
Project("{2150E333-8FDC-42A3-9474-1A3956D46DE8}") = "05 - 仓储实现", "05 - 仓储实现", "{736BB2F7-0FF7-4CAD-9713-BB82C3EDF7D1}"
EndProject
Project("{2150E333-8FDC-42A3-9474-1A3956D46DE8}") = "06 - 工具", "06 - 工具", "{1EB52F7A-C987-40D7-A079-05F819312D46}"
EndProject
Project("{2150E333-8FDC-42A3-9474-1A3956D46DE8}") = ".nuget", ".nuget", "{C09B2578-5B63-419C-B351-7729B5B20080}"
	ProjectSection(SolutionItems) = preProject
		.nuget\NuGet.Config = .nuget\NuGet.Config
		.nuget\NuGet.exe = .nuget\NuGet.exe
		.nuget\NuGet.targets = .nuget\NuGet.targets
	EndProjectSection
EndProject
Project("{FAE04EC0-301F-11D3-BF4B-00C04F79EFBC}") = "SD.UAC.AppService", "SD.UAC.AppService\SD.UAC.AppService.csproj", "{1490AFC6-998C-4E2C-A7D1-BC6C3CB0EA4C}"
EndProject
Project("{FAE04EC0-301F-11D3-BF4B-00C04F79EFBC}") = "SD.UAC.IAppService", "SD.UAC.IAppService\SD.UAC.IAppService.csproj", "{52BF9A76-1B01-4C29-8067-E6F1C88896FD}"
EndProject
Project("{FAE04EC0-301F-11D3-BF4B-00C04F79EFBC}") = "SD.UAC.Domain", "SD.UAC.Domain\SD.UAC.Domain.csproj", "{20443D88-D509-43C6-942C-0CE1923BC91E}"
EndProject
Project("{FAE04EC0-301F-11D3-BF4B-00C04F79EFBC}") = "SD.UAC.DomainService", "SD.UAC.DomainService\SD.UAC.DomainService.csproj", "{21AB46C4-2C9B-4D96-AB4F-437AC2F662E6}"
EndProject
Project("{FAE04EC0-301F-11D3-BF4B-00C04F79EFBC}") = "SD.UAC.DomainEventHandler", "SD.UAC.DomainEventHandler\SD.UAC.DomainEventHandler.csproj", "{DE59EC3B-2E0C-41E4-B0F2-F4530E650E1D}"
EndProject
Project("{FAE04EC0-301F-11D3-BF4B-00C04F79EFBC}") = "SD.UAC.DomainEventStore", "SD.UAC.DomainEventStore\SD.UAC.DomainEventStore.csproj", "{656D4E6F-A104-44D9-BD93-1E128ED79AC0}"
EndProject
Project("{FAE04EC0-301F-11D3-BF4B-00C04F79EFBC}") = "SD.UAC.Repository", "SD.UAC.Repository\SD.UAC.Repository.csproj", "{33F75AC9-F2CC-4117-A04D-E701EF897924}"
EndProject
Project("{FAE04EC0-301F-11D3-BF4B-00C04F79EFBC}") = "SD.UAC.AuthorizationAspect", "SD.UAC.AuthorizationAspect\SD.UAC.AuthorizationAspect.csproj", "{18524D7D-9812-4EFC-9902-7123E3A167BB}"
EndProject
Project("{FAE04EC0-301F-11D3-BF4B-00C04F79EFBC}") = "SD.UAC.WcfAuthentication.Server", "SD.UAC.WcfAuthentication.Server\SD.UAC.WcfAuthentication.Server.csproj", "{55E99FFF-1BCC-423F-B945-931A4F2BF2D3}"
EndProject
Project("{FAE04EC0-301F-11D3-BF4B-00C04F79EFBC}") = "SD.UAC.Common", "SD.UAC.Common\SD.UAC.Common.csproj", "{2219FF8E-0870-4922-8D68-1E9497DD285D}"
EndProject
Project("{FAE04EC0-301F-11D3-BF4B-00C04F79EFBC}") = "SD.UAC.WcfAuthentication.WebClient", "SD.UAC.WcfAuthentication.WebClient\SD.UAC.WcfAuthentication.WebClient.csproj", "{FA4CA095-26A0-4E6F-B297-D98115A577D7}"
EndProject
Project("{FAE04EC0-301F-11D3-BF4B-00C04F79EFBC}") = "SD.UAC.WcfAuthentication.WindowsClient", "SD.UAC.WcfAuthentication.WindowsClient\SD.UAC.WcfAuthentication.WindowsClient.csproj", "{FE93AC6F-B38F-412F-A2B1-2FBE2800C647}"
EndProject
Global
	GlobalSection(SolutionConfigurationPlatforms) = preSolution
		Debug|Any CPU = Debug|Any CPU
		Release|Any CPU = Release|Any CPU
	EndGlobalSection
	GlobalSection(ProjectConfigurationPlatforms) = postSolution
		{1490AFC6-998C-4E2C-A7D1-BC6C3CB0EA4C}.Debug|Any CPU.ActiveCfg = Debug|Any CPU
		{1490AFC6-998C-4E2C-A7D1-BC6C3CB0EA4C}.Debug|Any CPU.Build.0 = Debug|Any CPU
		{1490AFC6-998C-4E2C-A7D1-BC6C3CB0EA4C}.Release|Any CPU.ActiveCfg = Release|Any CPU
		{1490AFC6-998C-4E2C-A7D1-BC6C3CB0EA4C}.Release|Any CPU.Build.0 = Release|Any CPU
		{52BF9A76-1B01-4C29-8067-E6F1C88896FD}.Debug|Any CPU.ActiveCfg = Debug|Any CPU
		{52BF9A76-1B01-4C29-8067-E6F1C88896FD}.Debug|Any CPU.Build.0 = Debug|Any CPU
		{52BF9A76-1B01-4C29-8067-E6F1C88896FD}.Release|Any CPU.ActiveCfg = Release|Any CPU
		{52BF9A76-1B01-4C29-8067-E6F1C88896FD}.Release|Any CPU.Build.0 = Release|Any CPU
		{20443D88-D509-43C6-942C-0CE1923BC91E}.Debug|Any CPU.ActiveCfg = Debug|Any CPU
		{20443D88-D509-43C6-942C-0CE1923BC91E}.Debug|Any CPU.Build.0 = Debug|Any CPU
		{20443D88-D509-43C6-942C-0CE1923BC91E}.Release|Any CPU.ActiveCfg = Release|Any CPU
		{20443D88-D509-43C6-942C-0CE1923BC91E}.Release|Any CPU.Build.0 = Release|Any CPU
		{21AB46C4-2C9B-4D96-AB4F-437AC2F662E6}.Debug|Any CPU.ActiveCfg = Debug|Any CPU
		{21AB46C4-2C9B-4D96-AB4F-437AC2F662E6}.Debug|Any CPU.Build.0 = Debug|Any CPU
		{21AB46C4-2C9B-4D96-AB4F-437AC2F662E6}.Release|Any CPU.ActiveCfg = Release|Any CPU
		{21AB46C4-2C9B-4D96-AB4F-437AC2F662E6}.Release|Any CPU.Build.0 = Release|Any CPU
		{DE59EC3B-2E0C-41E4-B0F2-F4530E650E1D}.Debug|Any CPU.ActiveCfg = Debug|Any CPU
		{DE59EC3B-2E0C-41E4-B0F2-F4530E650E1D}.Debug|Any CPU.Build.0 = Debug|Any CPU
		{DE59EC3B-2E0C-41E4-B0F2-F4530E650E1D}.Release|Any CPU.ActiveCfg = Release|Any CPU
		{DE59EC3B-2E0C-41E4-B0F2-F4530E650E1D}.Release|Any CPU.Build.0 = Release|Any CPU
		{656D4E6F-A104-44D9-BD93-1E128ED79AC0}.Debug|Any CPU.ActiveCfg = Debug|Any CPU
		{656D4E6F-A104-44D9-BD93-1E128ED79AC0}.Debug|Any CPU.Build.0 = Debug|Any CPU
		{656D4E6F-A104-44D9-BD93-1E128ED79AC0}.Release|Any CPU.ActiveCfg = Release|Any CPU
		{656D4E6F-A104-44D9-BD93-1E128ED79AC0}.Release|Any CPU.Build.0 = Release|Any CPU
		{33F75AC9-F2CC-4117-A04D-E701EF897924}.Debug|Any CPU.ActiveCfg = Debug|Any CPU
		{33F75AC9-F2CC-4117-A04D-E701EF897924}.Debug|Any CPU.Build.0 = Debug|Any CPU
		{33F75AC9-F2CC-4117-A04D-E701EF897924}.Release|Any CPU.ActiveCfg = Release|Any CPU
		{33F75AC9-F2CC-4117-A04D-E701EF897924}.Release|Any CPU.Build.0 = Release|Any CPU
		{18524D7D-9812-4EFC-9902-7123E3A167BB}.Debug|Any CPU.ActiveCfg = Debug|Any CPU
		{18524D7D-9812-4EFC-9902-7123E3A167BB}.Debug|Any CPU.Build.0 = Debug|Any CPU
		{18524D7D-9812-4EFC-9902-7123E3A167BB}.Release|Any CPU.ActiveCfg = Release|Any CPU
		{18524D7D-9812-4EFC-9902-7123E3A167BB}.Release|Any CPU.Build.0 = Release|Any CPU
		{55E99FFF-1BCC-423F-B945-931A4F2BF2D3}.Debug|Any CPU.ActiveCfg = Debug|Any CPU
		{55E99FFF-1BCC-423F-B945-931A4F2BF2D3}.Debug|Any CPU.Build.0 = Debug|Any CPU
		{55E99FFF-1BCC-423F-B945-931A4F2BF2D3}.Release|Any CPU.ActiveCfg = Release|Any CPU
		{55E99FFF-1BCC-423F-B945-931A4F2BF2D3}.Release|Any CPU.Build.0 = Release|Any CPU
		{2219FF8E-0870-4922-8D68-1E9497DD285D}.Debug|Any CPU.ActiveCfg = Debug|Any CPU
		{2219FF8E-0870-4922-8D68-1E9497DD285D}.Debug|Any CPU.Build.0 = Debug|Any CPU
		{2219FF8E-0870-4922-8D68-1E9497DD285D}.Release|Any CPU.ActiveCfg = Release|Any CPU
		{2219FF8E-0870-4922-8D68-1E9497DD285D}.Release|Any CPU.Build.0 = Release|Any CPU
		{FA4CA095-26A0-4E6F-B297-D98115A577D7}.Debug|Any CPU.ActiveCfg = Debug|Any CPU
		{FA4CA095-26A0-4E6F-B297-D98115A577D7}.Debug|Any CPU.Build.0 = Debug|Any CPU
		{FA4CA095-26A0-4E6F-B297-D98115A577D7}.Release|Any CPU.ActiveCfg = Release|Any CPU
		{FA4CA095-26A0-4E6F-B297-D98115A577D7}.Release|Any CPU.Build.0 = Release|Any CPU
		{FE93AC6F-B38F-412F-A2B1-2FBE2800C647}.Debug|Any CPU.ActiveCfg = Debug|Any CPU
		{FE93AC6F-B38F-412F-A2B1-2FBE2800C647}.Debug|Any CPU.Build.0 = Debug|Any CPU
		{FE93AC6F-B38F-412F-A2B1-2FBE2800C647}.Release|Any CPU.ActiveCfg = Release|Any CPU
		{FE93AC6F-B38F-412F-A2B1-2FBE2800C647}.Release|Any CPU.Build.0 = Release|Any CPU
	EndGlobalSection
	GlobalSection(SolutionProperties) = preSolution
		HideSolutionNode = FALSE
	EndGlobalSection
	GlobalSection(NestedProjects) = preSolution
		{1490AFC6-998C-4E2C-A7D1-BC6C3CB0EA4C} = {6F925C59-1BA0-4E0F-B61D-4F573A08C64B}
		{52BF9A76-1B01-4C29-8067-E6F1C88896FD} = {6F925C59-1BA0-4E0F-B61D-4F573A08C64B}
		{20443D88-D509-43C6-942C-0CE1923BC91E} = {4E46AC96-3000-4185-81F3-18D7FFE5CF82}
		{21AB46C4-2C9B-4D96-AB4F-437AC2F662E6} = {499F2B7C-CBDA-42BC-932C-C252D5335375}
		{DE59EC3B-2E0C-41E4-B0F2-F4530E650E1D} = {E1405A60-894A-48A4-996A-DC23F5487281}
		{656D4E6F-A104-44D9-BD93-1E128ED79AC0} = {E1405A60-894A-48A4-996A-DC23F5487281}
		{33F75AC9-F2CC-4117-A04D-E701EF897924} = {736BB2F7-0FF7-4CAD-9713-BB82C3EDF7D1}
		{18524D7D-9812-4EFC-9902-7123E3A167BB} = {1EB52F7A-C987-40D7-A079-05F819312D46}
		{55E99FFF-1BCC-423F-B945-931A4F2BF2D3} = {1EB52F7A-C987-40D7-A079-05F819312D46}
		{2219FF8E-0870-4922-8D68-1E9497DD285D} = {1EB52F7A-C987-40D7-A079-05F819312D46}
		{FA4CA095-26A0-4E6F-B297-D98115A577D7} = {1EB52F7A-C987-40D7-A079-05F819312D46}
		{FE93AC6F-B38F-412F-A2B1-2FBE2800C647} = {1EB52F7A-C987-40D7-A079-05F819312D46}
	EndGlobalSection
EndGlobal
